
Microsoft Visual Studio Solution File, Format Version 12.00
# Visual Studio 14
VisualStudioVersion = 14.0.25402.0
MinimumVisualStudioVersion = 10.0.40219.1
Project("{2150E333-8FDC-42A3-9474-1A3956D46DE8}") = "Ch01", "Ch01", "{E6451304-FD4B-4F15-8CEE-38C7BED4A335}"
EndProject
Project("{FAE04EC0-301F-11D3-BF4B-00C04F79EFBC}") = "Ex0101", "Ex0101\Ex0101.csproj", "{591A6F6E-0960-497C-B53B-4A18F31EE679}"
EndProject
Project("{2150E333-8FDC-42A3-9474-1A3956D46DE8}") = "Ch02", "Ch02", "{2B7FD8B4-99F3-4564-B7C4-A09312CF9D0F}"
EndProject
Project("{FAE04EC0-301F-11D3-BF4B-00C04F79EFBC}") = "Ex0201", "Ex0201\Ex0201.csproj", "{B9608189-F51C-45A0-B2C7-99D5642382F7}"
EndProject
Project("{2150E333-8FDC-42A3-9474-1A3956D46DE8}") = "Ch03", "Ch03", "{53F71F90-46DE-4DE4-AA63-546FD750F6D1}"
EndProject
Project("{FAE04EC0-301F-11D3-BF4B-00C04F79EFBC}") = "Ex0301", "Ex0301\Ex0301.csproj", "{26CF85BE-434A-4946-B725-22035AECB8E3}"
EndProject
Project("{FAE04EC0-301F-11D3-BF4B-00C04F79EFBC}") = "Ex0302", "Ex0302\Ex0302.csproj", "{39DFA6D0-C0CA-4F70-9F29-0CA332645B9C}"
EndProject
Project("{FAE04EC0-301F-11D3-BF4B-00C04F79EFBC}") = "Ex0303", "Ex0303\Ex0303.csproj", "{E813E125-A649-41C7-9039-27BD53BB2F67}"
EndProject
Project("{2150E333-8FDC-42A3-9474-1A3956D46DE8}") = "Ch04", "Ch04", "{FAD59846-6AE5-4069-A14F-9CDB3E8E58F2}"
EndProject
Project("{FAE04EC0-301F-11D3-BF4B-00C04F79EFBC}") = "Ex0401", "Ex0401\Ex0401.csproj", "{F98A36F3-0E84-4568-900A-123B13EC8797}"
EndProject
Project("{FAE04EC0-301F-11D3-BF4B-00C04F79EFBC}") = "Ex0402", "Ex0402\Ex0402.csproj", "{1BF1D20A-26BD-4678-AB59-B44839D3D46A}"
EndProject
Project("{FAE04EC0-301F-11D3-BF4B-00C04F79EFBC}") = "Ex0403", "Ex0403\Ex0403.csproj", "{18CF9E05-3D19-4038-AE1E-0C4694710A12}"
EndProject
Project("{FAE04EC0-301F-11D3-BF4B-00C04F79EFBC}") = "Ex0404", "Ex0404\Ex0404.csproj", "{82F178F0-EF71-4035-B65D-8C58B3128673}"
EndProject
Project("{FAE04EC0-301F-11D3-BF4B-00C04F79EFBC}") = "Ex0405", "Ex0405\Ex0405.csproj", "{AB1D8754-F3E2-4A1D-8AC3-637F4C186D52}"
EndProject
Project("{FAE04EC0-301F-11D3-BF4B-00C04F79EFBC}") = "Ex0406", "Ex0406\Ex0406.csproj", "{16B2599D-B092-4FB2-A3BC-F64E5A3ABBDD}"
EndProject
Project("{FAE04EC0-301F-11D3-BF4B-00C04F79EFBC}") = "Ex0407", "Ex0407\Ex0407.csproj", "{332B7D5E-42D3-4703-959E-F592FA5ABDCA}"
EndProject
Project("{FAE04EC0-301F-11D3-BF4B-00C04F79EFBC}") = "Ex0408", "Ex0408\Ex0408.csproj", "{89F0DFFC-BA2C-4312-8DFB-1723FA2A66EE}"
EndProject
Project("{FAE04EC0-301F-11D3-BF4B-00C04F79EFBC}") = "Ex0409", "Ex0409\Ex0409.csproj", "{787C169C-4656-4EBF-A9E1-79DAEE71DC12}"
EndProject
Project("{FAE04EC0-301F-11D3-BF4B-00C04F79EFBC}") = "Ex0410", "Ex0410\Ex0410.csproj", "{25766E30-2D50-485F-8AE5-062FF625AE60}"
EndProject
Project("{FAE04EC0-301F-11D3-BF4B-00C04F79EFBC}") = "Ex0411", "Ex0411\Ex0411.csproj", "{89CF4D16-0380-44D7-99FF-0032B02105F7}"
EndProject
Project("{FAE04EC0-301F-11D3-BF4B-00C04F79EFBC}") = "Ex0412", "Ex0412\Ex0412.csproj", "{627B9A37-A63C-4BD4-ADAC-17E35334F955}"
EndProject
Project("{FAE04EC0-301F-11D3-BF4B-00C04F79EFBC}") = "Ex0413", "Ex0413\Ex0413.csproj", "{DBF843EF-D303-44AC-B0C5-82BC33768985}"
EndProject
Project("{FAE04EC0-301F-11D3-BF4B-00C04F79EFBC}") = "Ex0414", "Ex0414\Ex0414.csproj", "{9D83CFF8-C78F-4139-944A-B94C3A12787A}"
EndProject
Project("{FAE04EC0-301F-11D3-BF4B-00C04F79EFBC}") = "Ex0415", "Ex0415\Ex0415.csproj", "{D3280962-FD85-4A36-B201-6BB0DBE16D96}"
EndProject
Project("{FAE04EC0-301F-11D3-BF4B-00C04F79EFBC}") = "Ex0416", "Ex0416\Ex0416.csproj", "{F5FCB933-3728-405E-BE70-038794C96091}"
EndProject
Project("{FAE04EC0-301F-11D3-BF4B-00C04F79EFBC}") = "Ex0417", "Ex0417\Ex0417.csproj", "{F2E21F26-1D71-49B9-A353-2C7917F616A4}"
EndProject
Project("{FAE04EC0-301F-11D3-BF4B-00C04F79EFBC}") = "Ex0418", "Ex0418\Ex0418.csproj", "{A9905B65-318D-4D2F-8560-08E5A590BD69}"
EndProject
Project("{FAE04EC0-301F-11D3-BF4B-00C04F79EFBC}") = "Ex0419", "Ex0419\Ex0419.csproj", "{E5E1AA19-430F-48C9-BBC3-EE8465DD0611}"
EndProject
Project("{FAE04EC0-301F-11D3-BF4B-00C04F79EFBC}") = "Ex0420", "Ex0420\Ex0420.csproj", "{D42057E0-85CB-44F4-AA59-38E077F2E8F3}"
EndProject
Project("{FAE04EC0-301F-11D3-BF4B-00C04F79EFBC}") = "Ex0421", "Ex0421\Ex0421.csproj", "{A54D02CB-056A-4144-BB96-563850D0EAD6}"
EndProject
Project("{FAE04EC0-301F-11D3-BF4B-00C04F79EFBC}") = "Ex0422", "Ex0422\Ex0422.csproj", "{1F723863-764A-4C9F-A314-73981CA9C36A}"
EndProject
Project("{FAE04EC0-301F-11D3-BF4B-00C04F79EFBC}") = "Ex0423", "Ex0423\Ex0423.csproj", "{F7126683-B793-4E2C-AD0B-5EB2D75DA7D7}"
EndProject
Project("{FAE04EC0-301F-11D3-BF4B-00C04F79EFBC}") = "Ex0424", "Ex0424\Ex0424.csproj", "{A87B10CC-D4A5-4DBB-B854-8873DD9112BF}"
EndProject
Project("{FAE04EC0-301F-11D3-BF4B-00C04F79EFBC}") = "Ex0425", "Ex0425\Ex0425.csproj", "{C51C20EB-598C-49F8-8DDF-50B767D842A7}"
EndProject
Project("{FAE04EC0-301F-11D3-BF4B-00C04F79EFBC}") = "Ex0426", "Ex0426\Ex0426.csproj", "{3039A07D-6B66-4EB2-B179-529173869B6F}"
EndProject
Project("{FAE04EC0-301F-11D3-BF4B-00C04F79EFBC}") = "Ex0427", "Ex0427\Ex0427.csproj", "{1852E47A-BC4C-402A-BD5A-13C085BC97F5}"
EndProject
Project("{FAE04EC0-301F-11D3-BF4B-00C04F79EFBC}") = "Ex0428", "Ex0428\Ex0428.csproj", "{661D9916-496B-4BC9-9B27-4879C47BDC50}"
EndProject
Project("{2150E333-8FDC-42A3-9474-1A3956D46DE8}") = "Ch05", "Ch05", "{D8408958-77C2-4887-9589-B9F016C1F0FD}"
EndProject
Project("{FAE04EC0-301F-11D3-BF4B-00C04F79EFBC}") = "Ex0501", "Ex0501\Ex0501.csproj", "{4F958A92-68DF-49AE-A31D-E13FACC2ABD9}"
EndProject
Project("{FAE04EC0-301F-11D3-BF4B-00C04F79EFBC}") = "Ex0502", "Ex0502\Ex0502.csproj", "{EFE7FC8A-A1C5-45FF-8E63-7B3183837E58}"
EndProject
Project("{FAE04EC0-301F-11D3-BF4B-00C04F79EFBC}") = "Ex05030504", "Ex05030504\Ex05030504.csproj", "{239E7326-AB30-4015-9F21-22A8379F8A2D}"
EndProject
Project("{2150E333-8FDC-42A3-9474-1A3956D46DE8}") = "Ex0505", "Ex0505", "{F8A4B696-082B-43AF-93AE-DABAF02EAB32}"
EndProject
Project("{FAE04EC0-301F-11D3-BF4B-00C04F79EFBC}") = "Ex0505", "Ex0505\Ex0505.csproj", "{BCA284FD-DFF9-4EF2-95AE-3C38923452B4}"
EndProject
Project("{FAE04EC0-301F-11D3-BF4B-00C04F79EFBC}") = "LogWriter", "LogWriter\LogWriter.csproj", "{32BC62C4-0420-4D17-9E4D-5CCA60D796D8}"
EndProject
Project("{FAE04EC0-301F-11D3-BF4B-00C04F79EFBC}") = "Ex0506", "Ex0506\Ex0506.csproj", "{7382FBF3-C681-423E-B10E-4A0ABDD41395}"
EndProject
Project("{FAE04EC0-301F-11D3-BF4B-00C04F79EFBC}") = "Ex0507", "Ex0507\Ex0507.csproj", "{52E87AAA-DE46-470B-9EE7-7052E2250D10}"
EndProject
Project("{FAE04EC0-301F-11D3-BF4B-00C04F79EFBC}") = "Ex0508", "Ex0508\Ex0508.csproj", "{75BAE00A-DD19-4700-83A1-BE327D3202AA}"
EndProject
Project("{FAE04EC0-301F-11D3-BF4B-00C04F79EFBC}") = "Ex0509", "Ex0509\Ex0509.csproj", "{8D8F609E-7D20-442B-B3F0-0318628A2CE5}"
EndProject
Project("{FAE04EC0-301F-11D3-BF4B-00C04F79EFBC}") = "Ex0510", "Ex0510\Ex0510.csproj", "{0DA72489-EDD5-460B-9622-764D3D6EA8DC}"
EndProject
Project("{FAE04EC0-301F-11D3-BF4B-00C04F79EFBC}") = "Ex0511", "Ex0511\Ex0511.csproj", "{6762A1CC-D24D-4242-8DB1-940D9BF95E95}"
EndProject
Project("{FAE04EC0-301F-11D3-BF4B-00C04F79EFBC}") = "Ex0512", "Ex0512\Ex0512.csproj", "{04D61CA0-ECD8-410D-A0E0-7C80DD14E507}"
EndProject
Project("{FAE04EC0-301F-11D3-BF4B-00C04F79EFBC}") = "Ex0513", "Ex0513\Ex0513.csproj", "{1899F3AF-7CE5-44AF-BCAD-C4ADB2D1B93C}"
EndProject
Project("{FAE04EC0-301F-11D3-BF4B-00C04F79EFBC}") = "Ex0514", "Ex0514\Ex0514.csproj", "{07DE73A7-1D1A-48AC-88C8-79A22983A21E}"
EndProject
Project("{FAE04EC0-301F-11D3-BF4B-00C04F79EFBC}") = "Ex0515", "Ex0515\Ex0515.csproj", "{04D25424-CBA5-491F-A7A9-D929CD2FB64A}"
EndProject
Project("{FAE04EC0-301F-11D3-BF4B-00C04F79EFBC}") = "Ex0516", "Ex0516\Ex0516.csproj", "{E837483B-1767-4630-ADFC-DFB436149E44}"
EndProject
Project("{FAE04EC0-301F-11D3-BF4B-00C04F79EFBC}") = "Ex0517", "Ex0517\Ex0517.csproj", "{071FF5B0-CC23-4FA5-91B5-2D60ADA0622A}"
EndProject
Project("{FAE04EC0-301F-11D3-BF4B-00C04F79EFBC}") = "Ex0518", "Ex0518\Ex0518.csproj", "{BB965527-6603-486B-A9D0-FEE1B3CB963E}"
EndProject
Project("{FAE04EC0-301F-11D3-BF4B-00C04F79EFBC}") = "Ex0519", "Ex0519\Ex0519.csproj", "{E5AA2304-A74B-4753-8AAA-A45F40F3C1E9}"
EndProject
Project("{FAE04EC0-301F-11D3-BF4B-00C04F79EFBC}") = "Ex0520", "Ex0520\Ex0520.csproj", "{7ADB742B-6809-4576-AE74-988FAA73295B}"
EndProject
Project("{FAE04EC0-301F-11D3-BF4B-00C04F79EFBC}") = "Ex0521", "Ex0521\Ex0521.csproj", "{E94785F1-5F39-46F0-BEAF-114413841202}"
EndProject
Project("{FAE04EC0-301F-11D3-BF4B-00C04F79EFBC}") = "Ex0522", "Ex0522\Ex0522.csproj", "{94A1B852-7CEB-4567-BB49-093924D1CE65}"
EndProject
Project("{FAE04EC0-301F-11D3-BF4B-00C04F79EFBC}") = "Ex0523", "Ex0523\Ex0523.csproj", "{7019211F-0D47-4584-B96E-E47EC935E275}"
EndProject
Project("{FAE04EC0-301F-11D3-BF4B-00C04F79EFBC}") = "Ex0524", "Ex0524\Ex0524.csproj", "{F4900491-C67F-4C58-A5F4-EB75125EFF3C}"
EndProject
Project("{FAE04EC0-301F-11D3-BF4B-00C04F79EFBC}") = "Ex0525", "Ex0525\Ex0525.csproj", "{698CE324-5B57-4EF1-9BCC-FC42BC3476B4}"
EndProject
Project("{FAE04EC0-301F-11D3-BF4B-00C04F79EFBC}") = "Ex0526", "Ex0526\Ex0526.csproj", "{1907932A-F345-40A6-9E07-C25D164463D3}"
EndProject
Project("{2150E333-8FDC-42A3-9474-1A3956D46DE8}") = "Ch06", "Ch06", "{5A699BF5-5D1E-4318-B6B2-92D191FA336E}"
EndProject
Project("{FAE04EC0-301F-11D3-BF4B-00C04F79EFBC}") = "Ex0601", "Ex0601\Ex0601.csproj", "{96A90688-1402-4031-BAC6-2718C4853351}"
EndProject
Project("{FAE04EC0-301F-11D3-BF4B-00C04F79EFBC}") = "Ex0602", "Ex0602\Ex0602.csproj", "{F72F428C-2EEB-4966-8880-3E5502041EF0}"
EndProject
Project("{FAE04EC0-301F-11D3-BF4B-00C04F79EFBC}") = "Ex0603", "Ex0603\Ex0603.csproj", "{9FE2236E-0D52-4F10-A894-26F3339AF824}"
EndProject
Project("{FAE04EC0-301F-11D3-BF4B-00C04F79EFBC}") = "Ex0604", "Ex0604\Ex0604.csproj", "{FA733697-422A-4C54-8201-CD753774764B}"
EndProject
Project("{FAE04EC0-301F-11D3-BF4B-00C04F79EFBC}") = "Ex0605", "Ex0605\Ex0605.csproj", "{9B7FBCF2-F338-4CC7-92DE-242B634E1BE4}"
EndProject
Project("{FAE04EC0-301F-11D3-BF4B-00C04F79EFBC}") = "Ex0606", "Ex0606\Ex0606.csproj", "{31BD6B97-789D-414D-AC9F-87809B81AD98}"
EndProject
Project("{FAE04EC0-301F-11D3-BF4B-00C04F79EFBC}") = "Ex0607", "Ex0607\Ex0607.csproj", "{E13DA63A-4A63-4067-ACB5-0BD2932B7764}"
EndProject
Project("{FAE04EC0-301F-11D3-BF4B-00C04F79EFBC}") = "Ex0608", "Ex0608\Ex0608.csproj", "{EDDF8F39-4DC7-45ED-8A37-8165C20DB7DA}"
EndProject
Project("{FAE04EC0-301F-11D3-BF4B-00C04F79EFBC}") = "Ex0609", "Ex0609\Ex0609.csproj", "{ED71C715-AF52-4331-BDB6-39C7EE422151}"
EndProject
Project("{FAE04EC0-301F-11D3-BF4B-00C04F79EFBC}") = "Ex0610", "Ex0610\Ex0610.csproj", "{02115138-9CE7-43C2-95A9-A38220E7AE1D}"
EndProject
Project("{FAE04EC0-301F-11D3-BF4B-00C04F79EFBC}") = "Ex0611", "Ex0611\Ex0611.csproj", "{36E2C333-647A-4318-85BA-BCCF28691D14}"
EndProject
Project("{FAE04EC0-301F-11D3-BF4B-00C04F79EFBC}") = "Ex0612", "Ex0612\Ex0612.csproj", "{9EFEB838-8518-4F89-A865-E278F5ABAB83}"
EndProject
Project("{FAE04EC0-301F-11D3-BF4B-00C04F79EFBC}") = "Ex0613", "Ex0613\Ex0613.csproj", "{8816314F-C8A9-4E99-A14F-29BCB22EEC6A}"
EndProject
Project("{FAE04EC0-301F-11D3-BF4B-00C04F79EFBC}") = "Ex0614", "Ex0614\Ex0614.csproj", "{5AE5ED17-DF2E-45F0-89BF-D2DC735921FB}"
EndProject
Project("{FAE04EC0-301F-11D3-BF4B-00C04F79EFBC}") = "Ex0615", "Ex0615\Ex0615.csproj", "{15D91ADF-9213-475E-B23F-DBC3FF8727DE}"
EndProject
Project("{FAE04EC0-301F-11D3-BF4B-00C04F79EFBC}") = "Ex0616", "Ex0616\Ex0616.csproj", "{574725A1-E8DC-4F9F-81BE-70B7843B779A}"
EndProject
Project("{FAE04EC0-301F-11D3-BF4B-00C04F79EFBC}") = "Ex0617", "Ex0617\Ex0617.csproj", "{F0CC3AE9-3F7E-4CE5-A3DD-8302A95121D3}"
EndProject
Project("{FAE04EC0-301F-11D3-BF4B-00C04F79EFBC}") = "Ex0618", "Ex0618\Ex0618.csproj", "{AE3EA2E1-31BA-4C14-B21B-3EB9D3048A2B}"
EndProject
Project("{FAE04EC0-301F-11D3-BF4B-00C04F79EFBC}") = "Ex0619", "Ex0619\Ex0619.csproj", "{F2B5867B-8E25-406D-80A6-D216A8BDC1CF}"
EndProject
Project("{FAE04EC0-301F-11D3-BF4B-00C04F79EFBC}") = "Ex0620", "Ex0620\Ex0620.csproj", "{B8C51153-01E7-42CA-832B-115F1808D4AC}"
EndProject
Project("{FAE04EC0-301F-11D3-BF4B-00C04F79EFBC}") = "Ex0621", "Ex0621\Ex0621.csproj", "{0E6984F5-E638-43AE-BB44-2155ED8FBA51}"
EndProject
Project("{FAE04EC0-301F-11D3-BF4B-00C04F79EFBC}") = "Ex0622", "Ex0622\Ex0622.csproj", "{2E54BD29-607B-45D2-AEBA-961F00AF55DB}"
EndProject
Project("{FAE04EC0-301F-11D3-BF4B-00C04F79EFBC}") = "Ex0623", "Ex0623\Ex0623.csproj", "{8EB85EC1-5109-41C6-9130-5E771D6174E1}"
EndProject
Project("{FAE04EC0-301F-11D3-BF4B-00C04F79EFBC}") = "Ex0624", "Ex0624\Ex0624.csproj", "{E9420143-B8F1-4C4D-BFDD-C4210021B41E}"
EndProject
Project("{FAE04EC0-301F-11D3-BF4B-00C04F79EFBC}") = "Ex0625", "Ex0625\Ex0625.csproj", "{9DA498B2-33D3-4AB4-B5AC-3F72A9AEE073}"
EndProject
Project("{FAE04EC0-301F-11D3-BF4B-00C04F79EFBC}") = "Ex0626", "Ex0626\Ex0626.csproj", "{629C2C23-B265-4D5A-A0A2-64F6B67B66E5}"
EndProject
Project("{FAE04EC0-301F-11D3-BF4B-00C04F79EFBC}") = "Ex0627", "Ex0627\Ex0627.csproj", "{1EE40006-1599-4CFB-A517-EABFD2B303CE}"
EndProject
Project("{FAE04EC0-301F-11D3-BF4B-00C04F79EFBC}") = "Ex0628", "Ex0628\Ex0628.csproj", "{E459AA6D-01D6-4229-A5D2-8A71818571AC}"
EndProject
Project("{FAE04EC0-301F-11D3-BF4B-00C04F79EFBC}") = "Ex0629", "Ex0629\Ex0629.csproj", "{F627B4F8-1234-4D94-8794-EA2FFFFF3612}"
EndProject
Project("{FAE04EC0-301F-11D3-BF4B-00C04F79EFBC}") = "Ex0630", "Ex0630\Ex0630.csproj", "{699F5784-0E72-4A71-BDD6-17810CFF382F}"
EndProject
Project("{FAE04EC0-301F-11D3-BF4B-00C04F79EFBC}") = "Ex0631", "Ex0631\Ex0631.csproj", "{5D66BFC6-7E89-454A-BA83-50BA2FF0B4FF}"
EndProject
Project("{FAE04EC0-301F-11D3-BF4B-00C04F79EFBC}") = "Ex0632", "Ex0632\Ex0632.csproj", "{F9A38AF0-96C5-4984-B5BC-F8B0B2EFE6CC}"
EndProject
Project("{FAE04EC0-301F-11D3-BF4B-00C04F79EFBC}") = "Ex0633", "Ex0633\Ex0633.csproj", "{D15C4C01-2FED-4344-B863-6C51BCF27151}"
EndProject
Project("{FAE04EC0-301F-11D3-BF4B-00C04F79EFBC}") = "Ex0634", "Ex0634\Ex0634.csproj", "{BD9EF695-3643-45B3-BED3-712938232002}"
EndProject
Project("{FAE04EC0-301F-11D3-BF4B-00C04F79EFBC}") = "Ex0635", "Ex0635\Ex0635.csproj", "{0487E430-7843-47FE-BC77-08A33A5DCA7E}"
EndProject
Project("{FAE04EC0-301F-11D3-BF4B-00C04F79EFBC}") = "Ex0636", "Ex0636\Ex0636.csproj", "{1E35BFEA-D64B-435C-8265-4721A0ECF96E}"
EndProject
Project("{FAE04EC0-301F-11D3-BF4B-00C04F79EFBC}") = "Ex0637", "Ex0637\Ex0637.csproj", "{BB50F906-6A2A-467D-8A7A-72F6475D0E1D}"
EndProject
Project("{FAE04EC0-301F-11D3-BF4B-00C04F79EFBC}") = "Ex0638", "Ex0638\Ex0638.csproj", "{92952DD6-9380-4CF0-8F4A-E38E4F82E6FD}"
EndProject
Project("{FAE04EC0-301F-11D3-BF4B-00C04F79EFBC}") = "Ex0639", "Ex0639\Ex0639.csproj", "{32F1C77E-C7EF-4DA6-8997-D9B584D160FF}"
EndProject
Project("{FAE04EC0-301F-11D3-BF4B-00C04F79EFBC}") = "Ex0640", "Ex0640\Ex0640.csproj", "{7856E15D-7081-44DE-8F1C-0DB4D02E8A05}"
EndProject
Project("{FAE04EC0-301F-11D3-BF4B-00C04F79EFBC}") = "Ex0641", "Ex0641\Ex0641.csproj", "{EA4B1D9A-8CD3-400B-8F7D-F57EBDE9585A}"
EndProject
Project("{FAE04EC0-301F-11D3-BF4B-00C04F79EFBC}") = "Ex0642", "Ex0642\Ex0642.csproj", "{9D73A0C7-4736-4C96-94DA-58762954C8D3}"
EndProject
Project("{FAE04EC0-301F-11D3-BF4B-00C04F79EFBC}") = "Ex0643", "Ex0643\Ex0643.csproj", "{26D160CA-7E97-4D24-9A9F-02811BF588E9}"
EndProject
Project("{FAE04EC0-301F-11D3-BF4B-00C04F79EFBC}") = "Ex0644", "Ex0644\Ex0644.csproj", "{C6AC194A-4DFE-4ADA-B679-1D1FC1BB09AA}"
EndProject
Project("{FAE04EC0-301F-11D3-BF4B-00C04F79EFBC}") = "Ex0645", "Ex0645\Ex0645.csproj", "{91F6BE7A-ACE2-4A9C-8D0E-3DFE365C513C}"
EndProject
Project("{FAE04EC0-301F-11D3-BF4B-00C04F79EFBC}") = "Ex0646", "Ex0646\Ex0646.csproj", "{AD34B5EB-B525-482C-8AFC-0EA753AB1A4F}"
EndProject
Project("{FAE04EC0-301F-11D3-BF4B-00C04F79EFBC}") = "Ex0647", "Ex0647\Ex0647.csproj", "{CCDB8989-CA8C-4F78-B9B3-F29C08BCDE41}"
EndProject
Project("{FAE04EC0-301F-11D3-BF4B-00C04F79EFBC}") = "Ex0648", "Ex0648\Ex0648.csproj", "{D154A164-8E76-41F1-9DF5-CFA984C79920}"
EndProject
Project("{FAE04EC0-301F-11D3-BF4B-00C04F79EFBC}") = "Ex0649", "Ex0649\Ex0649.csproj", "{F1D05F47-195A-446C-AA00-8DE67EB8462A}"
EndProject
Project("{FAE04EC0-301F-11D3-BF4B-00C04F79EFBC}") = "Ex0650", "Ex0650\Ex0650.csproj", "{DB3C8235-ECCC-4397-80D3-E7C705C43031}"
EndProject
Project("{FAE04EC0-301F-11D3-BF4B-00C04F79EFBC}") = "Ex0651", "Ex0651\Ex0651.csproj", "{1C91897F-89DB-412B-B169-992A0F1A0F13}"
EndProject
Project("{FAE04EC0-301F-11D3-BF4B-00C04F79EFBC}") = "Ex0652", "Ex0652\Ex0652.csproj", "{80F87004-0AF8-454A-984B-5A7859031712}"
EndProject
Project("{FAE04EC0-301F-11D3-BF4B-00C04F79EFBC}") = "Ex0653", "Ex0653\Ex0653.csproj", "{D9F4EE2A-22FA-4795-9715-555050A88757}"
EndProject
Project("{FAE04EC0-301F-11D3-BF4B-00C04F79EFBC}") = "Ex0654", "Ex0654\Ex0654.csproj", "{508BFE59-3BC6-44F9-9A35-4918556FA09A}"
EndProject
Project("{FAE04EC0-301F-11D3-BF4B-00C04F79EFBC}") = "Ex0655", "Ex0655\Ex0655.csproj", "{A051EF6B-E1A6-4512-99BE-F0195A94F1DD}"
EndProject
Project("{FAE04EC0-301F-11D3-BF4B-00C04F79EFBC}") = "Ex0656", "Ex0656\Ex0656.csproj", "{D228A3B2-1199-4DE4-BCC3-FE20370AF281}"
EndProject
Project("{FAE04EC0-301F-11D3-BF4B-00C04F79EFBC}") = "Ex0657", "Ex0657\Ex0657.csproj", "{14723E0B-7B45-43CD-A6C1-3B4120825AAE}"
EndProject
Project("{2150E333-8FDC-42A3-9474-1A3956D46DE8}") = "Ex0658", "Ex0658", "{18A05FA1-6592-473F-9EC7-D7A32937EB2F}"
EndProject
Project("{FAE04EC0-301F-11D3-BF4B-00C04F79EFBC}") = "Ex0658", "Ex0658\Ex0658.csproj", "{FF21F0CF-F36B-4DF2-ADF3-49AD4F4ED4C3}"
EndProject
Project("{FAE04EC0-301F-11D3-BF4B-00C04F79EFBC}") = "ClassLibrary1", "ClassLibrary1\ClassLibrary1.csproj", "{AB84A7EF-228C-4E7E-AC56-0B7B4829DA14}"
EndProject
Project("{FAE04EC0-301F-11D3-BF4B-00C04F79EFBC}") = "Ex0659", "Ex0659\Ex0659.csproj", "{755FAC1B-26BB-48A2-86CA-706E078A9E4F}"
EndProject
Project("{FAE04EC0-301F-11D3-BF4B-00C04F79EFBC}") = "Ex0660", "Ex0660\Ex0660.csproj", "{6201330B-C675-48D8-B7BF-5A57941139A9}"
EndProject
Project("{2150E333-8FDC-42A3-9474-1A3956D46DE8}") = "Ex0661", "Ex0661", "{ADD713B3-DDF0-46B5-BBE0-2DC3A47F84D4}"
EndProject
Project("{FAE04EC0-301F-11D3-BF4B-00C04F79EFBC}") = "ClassLibrary2", "ClassLibrary2\ClassLibrary2.csproj", "{3553804A-D63A-423F-9EAB-24973260C261}"
EndProject
Project("{FAE04EC0-301F-11D3-BF4B-00C04F79EFBC}") = "Ex0661", "Ex0661\Ex0661.csproj", "{98D10ED6-4A7C-443C-8358-043D037EBDBA}"
EndProject
Project("{FAE04EC0-301F-11D3-BF4B-00C04F79EFBC}") = "Ex0662", "Ex0662\Ex0662.csproj", "{C35A6B02-5992-4FE2-8603-D7A871242CCF}"
EndProject
Project("{2150E333-8FDC-42A3-9474-1A3956D46DE8}") = "Ex0663", "Ex0663", "{FE509714-FE9A-45E9-B1E7-39BC1F5D9B92}"
EndProject
Project("{FAE04EC0-301F-11D3-BF4B-00C04F79EFBC}") = "ClassLibrary3", "ClassLibrary3\ClassLibrary3.csproj", "{4FE7D504-5771-41BD-B20C-6235F3FC8C58}"
EndProject
Project("{FAE04EC0-301F-11D3-BF4B-00C04F79EFBC}") = "Ex0663", "Ex0663\Ex0663.csproj", "{0E5059B7-BB85-4FE4-AC20-E61BBD6A4EEC}"
EndProject
Project("{FAE04EC0-301F-11D3-BF4B-00C04F79EFBC}") = "Ex0664", "Ex0664\Ex0664.csproj", "{3A689581-AE17-4248-AE3C-E5AF87CF949B}"
EndProject
Project("{FAE04EC0-301F-11D3-BF4B-00C04F79EFBC}") = "Ex0665", "Ex0665\Ex0665.csproj", "{4A02312E-5616-4C7F-9269-077436556BFF}"
EndProject
Project("{2150E333-8FDC-42A3-9474-1A3956D46DE8}") = "Ch07", "Ch07", "{68057122-D3DA-4A2F-BB8F-752BC8304389}"
EndProject
Project("{FAE04EC0-301F-11D3-BF4B-00C04F79EFBC}") = "Ex0701", "Ex0701\Ex0701.csproj", "{84BBDD5A-F5D2-4398-9567-9B9EF7CC891F}"
EndProject
Project("{FAE04EC0-301F-11D3-BF4B-00C04F79EFBC}") = "Ex0702", "Ex0702\Ex0702.csproj", "{70F14486-A2D4-4BB6-843C-FEE466E0FA4B}"
EndProject
Project("{FAE04EC0-301F-11D3-BF4B-00C04F79EFBC}") = "Ex0703", "Ex0703\Ex0703.csproj", "{5056ACEB-95D9-4DA6-9930-10A9ED67012E}"
EndProject
Project("{FAE04EC0-301F-11D3-BF4B-00C04F79EFBC}") = "Ex0704", "Ex0704\Ex0704.csproj", "{CB1FC390-7EE7-4011-87D2-79D0279D1660}"
EndProject
Project("{FAE04EC0-301F-11D3-BF4B-00C04F79EFBC}") = "Ex0705", "Ex0705\Ex0705.csproj", "{EA842FE2-89AD-4E75-86EE-0722AC59CE83}"
EndProject
Project("{FAE04EC0-301F-11D3-BF4B-00C04F79EFBC}") = "Ex0706", "Ex0706\Ex0706.csproj", "{854A35DD-D470-4399-A9FE-695EF676E8D1}"
EndProject
Project("{FAE04EC0-301F-11D3-BF4B-00C04F79EFBC}") = "Ex0707", "Ex0707\Ex0707.csproj", "{0B95D537-83D6-4FE8-BB80-0019973B26D9}"
EndProject
Project("{FAE04EC0-301F-11D3-BF4B-00C04F79EFBC}") = "Ex0708", "Ex0708\Ex0708.csproj", "{DA5785C3-426E-4D4D-804D-C28549D59D44}"
EndProject
Project("{FAE04EC0-301F-11D3-BF4B-00C04F79EFBC}") = "Ex0709", "Ex0709\Ex0709.csproj", "{CA8B10F4-1BA5-4C49-8575-BBA3A93F8D1F}"
EndProject
Project("{FAE04EC0-301F-11D3-BF4B-00C04F79EFBC}") = "Ex0710", "Ex0710\Ex0710.csproj", "{F42884FB-D6C9-4C4E-A4FB-7BE11CEAC836}"
EndProject
Project("{2150E333-8FDC-42A3-9474-1A3956D46DE8}") = "Ch08", "Ch08", "{67558B42-03EA-456E-86A4-2343F7B600A2}"
EndProject
Project("{FAE04EC0-301F-11D3-BF4B-00C04F79EFBC}") = "Ex0801", "Ex0801\Ex0801.csproj", "{7BA01A0C-B9E1-42DB-85B0-7564394FACD8}"
EndProject
Global
	GlobalSection(SolutionConfigurationPlatforms) = preSolution
		Debug|Any CPU = Debug|Any CPU
		Release|Any CPU = Release|Any CPU
	EndGlobalSection
	GlobalSection(ProjectConfigurationPlatforms) = postSolution
		{591A6F6E-0960-497C-B53B-4A18F31EE679}.Debug|Any CPU.ActiveCfg = Debug|Any CPU
		{591A6F6E-0960-497C-B53B-4A18F31EE679}.Debug|Any CPU.Build.0 = Debug|Any CPU
		{591A6F6E-0960-497C-B53B-4A18F31EE679}.Release|Any CPU.ActiveCfg = Release|Any CPU
		{591A6F6E-0960-497C-B53B-4A18F31EE679}.Release|Any CPU.Build.0 = Release|Any CPU
		{B9608189-F51C-45A0-B2C7-99D5642382F7}.Debug|Any CPU.ActiveCfg = Debug|Any CPU
		{B9608189-F51C-45A0-B2C7-99D5642382F7}.Debug|Any CPU.Build.0 = Debug|Any CPU
		{B9608189-F51C-45A0-B2C7-99D5642382F7}.Release|Any CPU.ActiveCfg = Release|Any CPU
		{B9608189-F51C-45A0-B2C7-99D5642382F7}.Release|Any CPU.Build.0 = Release|Any CPU
		{26CF85BE-434A-4946-B725-22035AECB8E3}.Debug|Any CPU.ActiveCfg = Debug|Any CPU
		{26CF85BE-434A-4946-B725-22035AECB8E3}.Debug|Any CPU.Build.0 = Debug|Any CPU
		{26CF85BE-434A-4946-B725-22035AECB8E3}.Release|Any CPU.ActiveCfg = Release|Any CPU
		{26CF85BE-434A-4946-B725-22035AECB8E3}.Release|Any CPU.Build.0 = Release|Any CPU
		{39DFA6D0-C0CA-4F70-9F29-0CA332645B9C}.Debug|Any CPU.ActiveCfg = Debug|Any CPU
		{39DFA6D0-C0CA-4F70-9F29-0CA332645B9C}.Debug|Any CPU.Build.0 = Debug|Any CPU
		{39DFA6D0-C0CA-4F70-9F29-0CA332645B9C}.Release|Any CPU.ActiveCfg = Release|Any CPU
		{39DFA6D0-C0CA-4F70-9F29-0CA332645B9C}.Release|Any CPU.Build.0 = Release|Any CPU
		{E813E125-A649-41C7-9039-27BD53BB2F67}.Debug|Any CPU.ActiveCfg = Debug|Any CPU
		{E813E125-A649-41C7-9039-27BD53BB2F67}.Debug|Any CPU.Build.0 = Debug|Any CPU
		{E813E125-A649-41C7-9039-27BD53BB2F67}.Release|Any CPU.ActiveCfg = Release|Any CPU
		{E813E125-A649-41C7-9039-27BD53BB2F67}.Release|Any CPU.Build.0 = Release|Any CPU
		{F98A36F3-0E84-4568-900A-123B13EC8797}.Debug|Any CPU.ActiveCfg = Debug|Any CPU
		{F98A36F3-0E84-4568-900A-123B13EC8797}.Debug|Any CPU.Build.0 = Debug|Any CPU
		{F98A36F3-0E84-4568-900A-123B13EC8797}.Release|Any CPU.ActiveCfg = Release|Any CPU
		{F98A36F3-0E84-4568-900A-123B13EC8797}.Release|Any CPU.Build.0 = Release|Any CPU
		{1BF1D20A-26BD-4678-AB59-B44839D3D46A}.Debug|Any CPU.ActiveCfg = Debug|Any CPU
		{1BF1D20A-26BD-4678-AB59-B44839D3D46A}.Debug|Any CPU.Build.0 = Debug|Any CPU
		{1BF1D20A-26BD-4678-AB59-B44839D3D46A}.Release|Any CPU.ActiveCfg = Release|Any CPU
		{1BF1D20A-26BD-4678-AB59-B44839D3D46A}.Release|Any CPU.Build.0 = Release|Any CPU
		{18CF9E05-3D19-4038-AE1E-0C4694710A12}.Debug|Any CPU.ActiveCfg = Debug|Any CPU
		{18CF9E05-3D19-4038-AE1E-0C4694710A12}.Debug|Any CPU.Build.0 = Debug|Any CPU
		{18CF9E05-3D19-4038-AE1E-0C4694710A12}.Release|Any CPU.ActiveCfg = Release|Any CPU
		{18CF9E05-3D19-4038-AE1E-0C4694710A12}.Release|Any CPU.Build.0 = Release|Any CPU
		{82F178F0-EF71-4035-B65D-8C58B3128673}.Debug|Any CPU.ActiveCfg = Debug|Any CPU
		{82F178F0-EF71-4035-B65D-8C58B3128673}.Debug|Any CPU.Build.0 = Debug|Any CPU
		{82F178F0-EF71-4035-B65D-8C58B3128673}.Release|Any CPU.ActiveCfg = Release|Any CPU
		{82F178F0-EF71-4035-B65D-8C58B3128673}.Release|Any CPU.Build.0 = Release|Any CPU
		{AB1D8754-F3E2-4A1D-8AC3-637F4C186D52}.Debug|Any CPU.ActiveCfg = Debug|Any CPU
		{AB1D8754-F3E2-4A1D-8AC3-637F4C186D52}.Debug|Any CPU.Build.0 = Debug|Any CPU
		{AB1D8754-F3E2-4A1D-8AC3-637F4C186D52}.Release|Any CPU.ActiveCfg = Release|Any CPU
		{AB1D8754-F3E2-4A1D-8AC3-637F4C186D52}.Release|Any CPU.Build.0 = Release|Any CPU
		{16B2599D-B092-4FB2-A3BC-F64E5A3ABBDD}.Debug|Any CPU.ActiveCfg = Debug|Any CPU
		{16B2599D-B092-4FB2-A3BC-F64E5A3ABBDD}.Debug|Any CPU.Build.0 = Debug|Any CPU
		{16B2599D-B092-4FB2-A3BC-F64E5A3ABBDD}.Release|Any CPU.ActiveCfg = Release|Any CPU
		{16B2599D-B092-4FB2-A3BC-F64E5A3ABBDD}.Release|Any CPU.Build.0 = Release|Any CPU
		{332B7D5E-42D3-4703-959E-F592FA5ABDCA}.Debug|Any CPU.ActiveCfg = Debug|Any CPU
		{332B7D5E-42D3-4703-959E-F592FA5ABDCA}.Debug|Any CPU.Build.0 = Debug|Any CPU
		{332B7D5E-42D3-4703-959E-F592FA5ABDCA}.Release|Any CPU.ActiveCfg = Release|Any CPU
		{332B7D5E-42D3-4703-959E-F592FA5ABDCA}.Release|Any CPU.Build.0 = Release|Any CPU
		{89F0DFFC-BA2C-4312-8DFB-1723FA2A66EE}.Debug|Any CPU.ActiveCfg = Debug|Any CPU
		{89F0DFFC-BA2C-4312-8DFB-1723FA2A66EE}.Debug|Any CPU.Build.0 = Debug|Any CPU
		{89F0DFFC-BA2C-4312-8DFB-1723FA2A66EE}.Release|Any CPU.ActiveCfg = Release|Any CPU
		{89F0DFFC-BA2C-4312-8DFB-1723FA2A66EE}.Release|Any CPU.Build.0 = Release|Any CPU
		{787C169C-4656-4EBF-A9E1-79DAEE71DC12}.Debug|Any CPU.ActiveCfg = Debug|Any CPU
		{787C169C-4656-4EBF-A9E1-79DAEE71DC12}.Debug|Any CPU.Build.0 = Debug|Any CPU
		{787C169C-4656-4EBF-A9E1-79DAEE71DC12}.Release|Any CPU.ActiveCfg = Release|Any CPU
		{787C169C-4656-4EBF-A9E1-79DAEE71DC12}.Release|Any CPU.Build.0 = Release|Any CPU
		{25766E30-2D50-485F-8AE5-062FF625AE60}.Debug|Any CPU.ActiveCfg = Debug|Any CPU
		{25766E30-2D50-485F-8AE5-062FF625AE60}.Debug|Any CPU.Build.0 = Debug|Any CPU
		{25766E30-2D50-485F-8AE5-062FF625AE60}.Release|Any CPU.ActiveCfg = Release|Any CPU
		{25766E30-2D50-485F-8AE5-062FF625AE60}.Release|Any CPU.Build.0 = Release|Any CPU
		{89CF4D16-0380-44D7-99FF-0032B02105F7}.Debug|Any CPU.ActiveCfg = Debug|Any CPU
		{89CF4D16-0380-44D7-99FF-0032B02105F7}.Debug|Any CPU.Build.0 = Debug|Any CPU
		{89CF4D16-0380-44D7-99FF-0032B02105F7}.Release|Any CPU.ActiveCfg = Release|Any CPU
		{89CF4D16-0380-44D7-99FF-0032B02105F7}.Release|Any CPU.Build.0 = Release|Any CPU
		{627B9A37-A63C-4BD4-ADAC-17E35334F955}.Debug|Any CPU.ActiveCfg = Debug|Any CPU
		{627B9A37-A63C-4BD4-ADAC-17E35334F955}.Debug|Any CPU.Build.0 = Debug|Any CPU
		{627B9A37-A63C-4BD4-ADAC-17E35334F955}.Release|Any CPU.ActiveCfg = Release|Any CPU
		{627B9A37-A63C-4BD4-ADAC-17E35334F955}.Release|Any CPU.Build.0 = Release|Any CPU
		{DBF843EF-D303-44AC-B0C5-82BC33768985}.Debug|Any CPU.ActiveCfg = Debug|Any CPU
		{DBF843EF-D303-44AC-B0C5-82BC33768985}.Debug|Any CPU.Build.0 = Debug|Any CPU
		{DBF843EF-D303-44AC-B0C5-82BC33768985}.Release|Any CPU.ActiveCfg = Release|Any CPU
		{DBF843EF-D303-44AC-B0C5-82BC33768985}.Release|Any CPU.Build.0 = Release|Any CPU
		{9D83CFF8-C78F-4139-944A-B94C3A12787A}.Debug|Any CPU.ActiveCfg = Debug|Any CPU
		{9D83CFF8-C78F-4139-944A-B94C3A12787A}.Debug|Any CPU.Build.0 = Debug|Any CPU
		{9D83CFF8-C78F-4139-944A-B94C3A12787A}.Release|Any CPU.ActiveCfg = Release|Any CPU
		{9D83CFF8-C78F-4139-944A-B94C3A12787A}.Release|Any CPU.Build.0 = Release|Any CPU
		{D3280962-FD85-4A36-B201-6BB0DBE16D96}.Debug|Any CPU.ActiveCfg = Debug|Any CPU
		{D3280962-FD85-4A36-B201-6BB0DBE16D96}.Debug|Any CPU.Build.0 = Debug|Any CPU
		{D3280962-FD85-4A36-B201-6BB0DBE16D96}.Release|Any CPU.ActiveCfg = Release|Any CPU
		{D3280962-FD85-4A36-B201-6BB0DBE16D96}.Release|Any CPU.Build.0 = Release|Any CPU
		{F5FCB933-3728-405E-BE70-038794C96091}.Debug|Any CPU.ActiveCfg = Debug|Any CPU
		{F5FCB933-3728-405E-BE70-038794C96091}.Debug|Any CPU.Build.0 = Debug|Any CPU
		{F5FCB933-3728-405E-BE70-038794C96091}.Release|Any CPU.ActiveCfg = Release|Any CPU
		{F5FCB933-3728-405E-BE70-038794C96091}.Release|Any CPU.Build.0 = Release|Any CPU
		{F2E21F26-1D71-49B9-A353-2C7917F616A4}.Debug|Any CPU.ActiveCfg = Debug|Any CPU
		{F2E21F26-1D71-49B9-A353-2C7917F616A4}.Debug|Any CPU.Build.0 = Debug|Any CPU
		{F2E21F26-1D71-49B9-A353-2C7917F616A4}.Release|Any CPU.ActiveCfg = Release|Any CPU
		{F2E21F26-1D71-49B9-A353-2C7917F616A4}.Release|Any CPU.Build.0 = Release|Any CPU
		{A9905B65-318D-4D2F-8560-08E5A590BD69}.Debug|Any CPU.ActiveCfg = Debug|Any CPU
		{A9905B65-318D-4D2F-8560-08E5A590BD69}.Debug|Any CPU.Build.0 = Debug|Any CPU
		{A9905B65-318D-4D2F-8560-08E5A590BD69}.Release|Any CPU.ActiveCfg = Release|Any CPU
		{A9905B65-318D-4D2F-8560-08E5A590BD69}.Release|Any CPU.Build.0 = Release|Any CPU
		{E5E1AA19-430F-48C9-BBC3-EE8465DD0611}.Debug|Any CPU.ActiveCfg = Debug|Any CPU
		{E5E1AA19-430F-48C9-BBC3-EE8465DD0611}.Debug|Any CPU.Build.0 = Debug|Any CPU
		{E5E1AA19-430F-48C9-BBC3-EE8465DD0611}.Release|Any CPU.ActiveCfg = Release|Any CPU
		{E5E1AA19-430F-48C9-BBC3-EE8465DD0611}.Release|Any CPU.Build.0 = Release|Any CPU
		{D42057E0-85CB-44F4-AA59-38E077F2E8F3}.Debug|Any CPU.ActiveCfg = Debug|Any CPU
		{D42057E0-85CB-44F4-AA59-38E077F2E8F3}.Debug|Any CPU.Build.0 = Debug|Any CPU
		{D42057E0-85CB-44F4-AA59-38E077F2E8F3}.Release|Any CPU.ActiveCfg = Release|Any CPU
		{D42057E0-85CB-44F4-AA59-38E077F2E8F3}.Release|Any CPU.Build.0 = Release|Any CPU
		{A54D02CB-056A-4144-BB96-563850D0EAD6}.Debug|Any CPU.ActiveCfg = Debug|Any CPU
		{A54D02CB-056A-4144-BB96-563850D0EAD6}.Debug|Any CPU.Build.0 = Debug|Any CPU
		{A54D02CB-056A-4144-BB96-563850D0EAD6}.Release|Any CPU.ActiveCfg = Release|Any CPU
		{A54D02CB-056A-4144-BB96-563850D0EAD6}.Release|Any CPU.Build.0 = Release|Any CPU
		{1F723863-764A-4C9F-A314-73981CA9C36A}.Debug|Any CPU.ActiveCfg = Debug|Any CPU
		{1F723863-764A-4C9F-A314-73981CA9C36A}.Debug|Any CPU.Build.0 = Debug|Any CPU
		{1F723863-764A-4C9F-A314-73981CA9C36A}.Release|Any CPU.ActiveCfg = Release|Any CPU
		{1F723863-764A-4C9F-A314-73981CA9C36A}.Release|Any CPU.Build.0 = Release|Any CPU
		{F7126683-B793-4E2C-AD0B-5EB2D75DA7D7}.Debug|Any CPU.ActiveCfg = Debug|Any CPU
		{F7126683-B793-4E2C-AD0B-5EB2D75DA7D7}.Debug|Any CPU.Build.0 = Debug|Any CPU
		{F7126683-B793-4E2C-AD0B-5EB2D75DA7D7}.Release|Any CPU.ActiveCfg = Release|Any CPU
		{F7126683-B793-4E2C-AD0B-5EB2D75DA7D7}.Release|Any CPU.Build.0 = Release|Any CPU
		{A87B10CC-D4A5-4DBB-B854-8873DD9112BF}.Debug|Any CPU.ActiveCfg = Debug|Any CPU
		{A87B10CC-D4A5-4DBB-B854-8873DD9112BF}.Debug|Any CPU.Build.0 = Debug|Any CPU
		{A87B10CC-D4A5-4DBB-B854-8873DD9112BF}.Release|Any CPU.ActiveCfg = Release|Any CPU
		{A87B10CC-D4A5-4DBB-B854-8873DD9112BF}.Release|Any CPU.Build.0 = Release|Any CPU
		{C51C20EB-598C-49F8-8DDF-50B767D842A7}.Debug|Any CPU.ActiveCfg = Debug|Any CPU
		{C51C20EB-598C-49F8-8DDF-50B767D842A7}.Debug|Any CPU.Build.0 = Debug|Any CPU
		{C51C20EB-598C-49F8-8DDF-50B767D842A7}.Release|Any CPU.ActiveCfg = Release|Any CPU
		{C51C20EB-598C-49F8-8DDF-50B767D842A7}.Release|Any CPU.Build.0 = Release|Any CPU
		{3039A07D-6B66-4EB2-B179-529173869B6F}.Debug|Any CPU.ActiveCfg = Debug|Any CPU
		{3039A07D-6B66-4EB2-B179-529173869B6F}.Debug|Any CPU.Build.0 = Debug|Any CPU
		{3039A07D-6B66-4EB2-B179-529173869B6F}.Release|Any CPU.ActiveCfg = Release|Any CPU
		{3039A07D-6B66-4EB2-B179-529173869B6F}.Release|Any CPU.Build.0 = Release|Any CPU
		{1852E47A-BC4C-402A-BD5A-13C085BC97F5}.Debug|Any CPU.ActiveCfg = Debug|Any CPU
		{1852E47A-BC4C-402A-BD5A-13C085BC97F5}.Debug|Any CPU.Build.0 = Debug|Any CPU
		{1852E47A-BC4C-402A-BD5A-13C085BC97F5}.Release|Any CPU.ActiveCfg = Release|Any CPU
		{1852E47A-BC4C-402A-BD5A-13C085BC97F5}.Release|Any CPU.Build.0 = Release|Any CPU
		{661D9916-496B-4BC9-9B27-4879C47BDC50}.Debug|Any CPU.ActiveCfg = Debug|Any CPU
		{661D9916-496B-4BC9-9B27-4879C47BDC50}.Debug|Any CPU.Build.0 = Debug|Any CPU
		{661D9916-496B-4BC9-9B27-4879C47BDC50}.Release|Any CPU.ActiveCfg = Release|Any CPU
		{661D9916-496B-4BC9-9B27-4879C47BDC50}.Release|Any CPU.Build.0 = Release|Any CPU
		{4F958A92-68DF-49AE-A31D-E13FACC2ABD9}.Debug|Any CPU.ActiveCfg = Debug|Any CPU
		{4F958A92-68DF-49AE-A31D-E13FACC2ABD9}.Debug|Any CPU.Build.0 = Debug|Any CPU
		{4F958A92-68DF-49AE-A31D-E13FACC2ABD9}.Release|Any CPU.ActiveCfg = Release|Any CPU
		{4F958A92-68DF-49AE-A31D-E13FACC2ABD9}.Release|Any CPU.Build.0 = Release|Any CPU
		{EFE7FC8A-A1C5-45FF-8E63-7B3183837E58}.Debug|Any CPU.ActiveCfg = Debug|Any CPU
		{EFE7FC8A-A1C5-45FF-8E63-7B3183837E58}.Debug|Any CPU.Build.0 = Debug|Any CPU
		{EFE7FC8A-A1C5-45FF-8E63-7B3183837E58}.Release|Any CPU.ActiveCfg = Release|Any CPU
		{EFE7FC8A-A1C5-45FF-8E63-7B3183837E58}.Release|Any CPU.Build.0 = Release|Any CPU
		{239E7326-AB30-4015-9F21-22A8379F8A2D}.Debug|Any CPU.ActiveCfg = Debug|Any CPU
		{239E7326-AB30-4015-9F21-22A8379F8A2D}.Debug|Any CPU.Build.0 = Debug|Any CPU
		{239E7326-AB30-4015-9F21-22A8379F8A2D}.Release|Any CPU.ActiveCfg = Release|Any CPU
		{239E7326-AB30-4015-9F21-22A8379F8A2D}.Release|Any CPU.Build.0 = Release|Any CPU
		{BCA284FD-DFF9-4EF2-95AE-3C38923452B4}.Debug|Any CPU.ActiveCfg = Debug|Any CPU
		{BCA284FD-DFF9-4EF2-95AE-3C38923452B4}.Debug|Any CPU.Build.0 = Debug|Any CPU
		{BCA284FD-DFF9-4EF2-95AE-3C38923452B4}.Release|Any CPU.ActiveCfg = Release|Any CPU
		{BCA284FD-DFF9-4EF2-95AE-3C38923452B4}.Release|Any CPU.Build.0 = Release|Any CPU
		{32BC62C4-0420-4D17-9E4D-5CCA60D796D8}.Debug|Any CPU.ActiveCfg = Debug|Any CPU
		{32BC62C4-0420-4D17-9E4D-5CCA60D796D8}.Debug|Any CPU.Build.0 = Debug|Any CPU
		{32BC62C4-0420-4D17-9E4D-5CCA60D796D8}.Release|Any CPU.ActiveCfg = Release|Any CPU
		{32BC62C4-0420-4D17-9E4D-5CCA60D796D8}.Release|Any CPU.Build.0 = Release|Any CPU
		{7382FBF3-C681-423E-B10E-4A0ABDD41395}.Debug|Any CPU.ActiveCfg = Debug|Any CPU
		{7382FBF3-C681-423E-B10E-4A0ABDD41395}.Debug|Any CPU.Build.0 = Debug|Any CPU
		{7382FBF3-C681-423E-B10E-4A0ABDD41395}.Release|Any CPU.ActiveCfg = Release|Any CPU
		{7382FBF3-C681-423E-B10E-4A0ABDD41395}.Release|Any CPU.Build.0 = Release|Any CPU
		{52E87AAA-DE46-470B-9EE7-7052E2250D10}.Debug|Any CPU.ActiveCfg = Debug|Any CPU
		{52E87AAA-DE46-470B-9EE7-7052E2250D10}.Debug|Any CPU.Build.0 = Debug|Any CPU
		{52E87AAA-DE46-470B-9EE7-7052E2250D10}.Release|Any CPU.ActiveCfg = Release|Any CPU
		{52E87AAA-DE46-470B-9EE7-7052E2250D10}.Release|Any CPU.Build.0 = Release|Any CPU
		{75BAE00A-DD19-4700-83A1-BE327D3202AA}.Debug|Any CPU.ActiveCfg = Debug|Any CPU
		{75BAE00A-DD19-4700-83A1-BE327D3202AA}.Debug|Any CPU.Build.0 = Debug|Any CPU
		{75BAE00A-DD19-4700-83A1-BE327D3202AA}.Release|Any CPU.ActiveCfg = Release|Any CPU
		{75BAE00A-DD19-4700-83A1-BE327D3202AA}.Release|Any CPU.Build.0 = Release|Any CPU
		{8D8F609E-7D20-442B-B3F0-0318628A2CE5}.Debug|Any CPU.ActiveCfg = Debug|Any CPU
		{8D8F609E-7D20-442B-B3F0-0318628A2CE5}.Debug|Any CPU.Build.0 = Debug|Any CPU
		{8D8F609E-7D20-442B-B3F0-0318628A2CE5}.Release|Any CPU.ActiveCfg = Release|Any CPU
		{8D8F609E-7D20-442B-B3F0-0318628A2CE5}.Release|Any CPU.Build.0 = Release|Any CPU
		{0DA72489-EDD5-460B-9622-764D3D6EA8DC}.Debug|Any CPU.ActiveCfg = Debug|Any CPU
		{0DA72489-EDD5-460B-9622-764D3D6EA8DC}.Debug|Any CPU.Build.0 = Debug|Any CPU
		{0DA72489-EDD5-460B-9622-764D3D6EA8DC}.Release|Any CPU.ActiveCfg = Release|Any CPU
		{0DA72489-EDD5-460B-9622-764D3D6EA8DC}.Release|Any CPU.Build.0 = Release|Any CPU
		{6762A1CC-D24D-4242-8DB1-940D9BF95E95}.Debug|Any CPU.ActiveCfg = Debug|Any CPU
		{6762A1CC-D24D-4242-8DB1-940D9BF95E95}.Debug|Any CPU.Build.0 = Debug|Any CPU
		{6762A1CC-D24D-4242-8DB1-940D9BF95E95}.Release|Any CPU.ActiveCfg = Release|Any CPU
		{6762A1CC-D24D-4242-8DB1-940D9BF95E95}.Release|Any CPU.Build.0 = Release|Any CPU
		{04D61CA0-ECD8-410D-A0E0-7C80DD14E507}.Debug|Any CPU.ActiveCfg = Debug|Any CPU
		{04D61CA0-ECD8-410D-A0E0-7C80DD14E507}.Debug|Any CPU.Build.0 = Debug|Any CPU
		{04D61CA0-ECD8-410D-A0E0-7C80DD14E507}.Release|Any CPU.ActiveCfg = Release|Any CPU
		{04D61CA0-ECD8-410D-A0E0-7C80DD14E507}.Release|Any CPU.Build.0 = Release|Any CPU
		{1899F3AF-7CE5-44AF-BCAD-C4ADB2D1B93C}.Debug|Any CPU.ActiveCfg = Debug|Any CPU
		{1899F3AF-7CE5-44AF-BCAD-C4ADB2D1B93C}.Debug|Any CPU.Build.0 = Debug|Any CPU
		{1899F3AF-7CE5-44AF-BCAD-C4ADB2D1B93C}.Release|Any CPU.ActiveCfg = Release|Any CPU
		{1899F3AF-7CE5-44AF-BCAD-C4ADB2D1B93C}.Release|Any CPU.Build.0 = Release|Any CPU
		{07DE73A7-1D1A-48AC-88C8-79A22983A21E}.Debug|Any CPU.ActiveCfg = Debug|Any CPU
		{07DE73A7-1D1A-48AC-88C8-79A22983A21E}.Debug|Any CPU.Build.0 = Debug|Any CPU
		{07DE73A7-1D1A-48AC-88C8-79A22983A21E}.Release|Any CPU.ActiveCfg = Release|Any CPU
		{07DE73A7-1D1A-48AC-88C8-79A22983A21E}.Release|Any CPU.Build.0 = Release|Any CPU
		{04D25424-CBA5-491F-A7A9-D929CD2FB64A}.Debug|Any CPU.ActiveCfg = Debug|Any CPU
		{04D25424-CBA5-491F-A7A9-D929CD2FB64A}.Debug|Any CPU.Build.0 = Debug|Any CPU
		{04D25424-CBA5-491F-A7A9-D929CD2FB64A}.Release|Any CPU.ActiveCfg = Release|Any CPU
		{04D25424-CBA5-491F-A7A9-D929CD2FB64A}.Release|Any CPU.Build.0 = Release|Any CPU
		{E837483B-1767-4630-ADFC-DFB436149E44}.Debug|Any CPU.ActiveCfg = Debug|Any CPU
		{E837483B-1767-4630-ADFC-DFB436149E44}.Debug|Any CPU.Build.0 = Debug|Any CPU
		{E837483B-1767-4630-ADFC-DFB436149E44}.Release|Any CPU.ActiveCfg = Release|Any CPU
		{E837483B-1767-4630-ADFC-DFB436149E44}.Release|Any CPU.Build.0 = Release|Any CPU
		{071FF5B0-CC23-4FA5-91B5-2D60ADA0622A}.Debug|Any CPU.ActiveCfg = Debug|Any CPU
		{071FF5B0-CC23-4FA5-91B5-2D60ADA0622A}.Debug|Any CPU.Build.0 = Debug|Any CPU
		{071FF5B0-CC23-4FA5-91B5-2D60ADA0622A}.Release|Any CPU.ActiveCfg = Release|Any CPU
		{071FF5B0-CC23-4FA5-91B5-2D60ADA0622A}.Release|Any CPU.Build.0 = Release|Any CPU
		{BB965527-6603-486B-A9D0-FEE1B3CB963E}.Debug|Any CPU.ActiveCfg = Debug|Any CPU
		{BB965527-6603-486B-A9D0-FEE1B3CB963E}.Debug|Any CPU.Build.0 = Debug|Any CPU
		{BB965527-6603-486B-A9D0-FEE1B3CB963E}.Release|Any CPU.ActiveCfg = Release|Any CPU
		{BB965527-6603-486B-A9D0-FEE1B3CB963E}.Release|Any CPU.Build.0 = Release|Any CPU
		{E5AA2304-A74B-4753-8AAA-A45F40F3C1E9}.Debug|Any CPU.ActiveCfg = Debug|Any CPU
		{E5AA2304-A74B-4753-8AAA-A45F40F3C1E9}.Debug|Any CPU.Build.0 = Debug|Any CPU
		{E5AA2304-A74B-4753-8AAA-A45F40F3C1E9}.Release|Any CPU.ActiveCfg = Release|Any CPU
		{E5AA2304-A74B-4753-8AAA-A45F40F3C1E9}.Release|Any CPU.Build.0 = Release|Any CPU
		{7ADB742B-6809-4576-AE74-988FAA73295B}.Debug|Any CPU.ActiveCfg = Debug|Any CPU
		{7ADB742B-6809-4576-AE74-988FAA73295B}.Debug|Any CPU.Build.0 = Debug|Any CPU
		{7ADB742B-6809-4576-AE74-988FAA73295B}.Release|Any CPU.ActiveCfg = Release|Any CPU
		{7ADB742B-6809-4576-AE74-988FAA73295B}.Release|Any CPU.Build.0 = Release|Any CPU
		{E94785F1-5F39-46F0-BEAF-114413841202}.Debug|Any CPU.ActiveCfg = Debug|Any CPU
		{E94785F1-5F39-46F0-BEAF-114413841202}.Debug|Any CPU.Build.0 = Debug|Any CPU
		{E94785F1-5F39-46F0-BEAF-114413841202}.Release|Any CPU.ActiveCfg = Release|Any CPU
		{E94785F1-5F39-46F0-BEAF-114413841202}.Release|Any CPU.Build.0 = Release|Any CPU
		{94A1B852-7CEB-4567-BB49-093924D1CE65}.Debug|Any CPU.ActiveCfg = Debug|Any CPU
		{94A1B852-7CEB-4567-BB49-093924D1CE65}.Debug|Any CPU.Build.0 = Debug|Any CPU
		{94A1B852-7CEB-4567-BB49-093924D1CE65}.Release|Any CPU.ActiveCfg = Release|Any CPU
		{94A1B852-7CEB-4567-BB49-093924D1CE65}.Release|Any CPU.Build.0 = Release|Any CPU
		{7019211F-0D47-4584-B96E-E47EC935E275}.Debug|Any CPU.ActiveCfg = Debug|Any CPU
		{7019211F-0D47-4584-B96E-E47EC935E275}.Debug|Any CPU.Build.0 = Debug|Any CPU
		{7019211F-0D47-4584-B96E-E47EC935E275}.Release|Any CPU.ActiveCfg = Release|Any CPU
		{7019211F-0D47-4584-B96E-E47EC935E275}.Release|Any CPU.Build.0 = Release|Any CPU
		{F4900491-C67F-4C58-A5F4-EB75125EFF3C}.Debug|Any CPU.ActiveCfg = Debug|Any CPU
		{F4900491-C67F-4C58-A5F4-EB75125EFF3C}.Debug|Any CPU.Build.0 = Debug|Any CPU
		{F4900491-C67F-4C58-A5F4-EB75125EFF3C}.Release|Any CPU.ActiveCfg = Release|Any CPU
		{F4900491-C67F-4C58-A5F4-EB75125EFF3C}.Release|Any CPU.Build.0 = Release|Any CPU
		{698CE324-5B57-4EF1-9BCC-FC42BC3476B4}.Debug|Any CPU.ActiveCfg = Debug|Any CPU
		{698CE324-5B57-4EF1-9BCC-FC42BC3476B4}.Debug|Any CPU.Build.0 = Debug|Any CPU
		{698CE324-5B57-4EF1-9BCC-FC42BC3476B4}.Release|Any CPU.ActiveCfg = Release|Any CPU
		{698CE324-5B57-4EF1-9BCC-FC42BC3476B4}.Release|Any CPU.Build.0 = Release|Any CPU
		{1907932A-F345-40A6-9E07-C25D164463D3}.Debug|Any CPU.ActiveCfg = Debug|Any CPU
		{1907932A-F345-40A6-9E07-C25D164463D3}.Debug|Any CPU.Build.0 = Debug|Any CPU
		{1907932A-F345-40A6-9E07-C25D164463D3}.Release|Any CPU.ActiveCfg = Release|Any CPU
		{1907932A-F345-40A6-9E07-C25D164463D3}.Release|Any CPU.Build.0 = Release|Any CPU
		{96A90688-1402-4031-BAC6-2718C4853351}.Debug|Any CPU.ActiveCfg = Debug|Any CPU
		{96A90688-1402-4031-BAC6-2718C4853351}.Debug|Any CPU.Build.0 = Debug|Any CPU
		{96A90688-1402-4031-BAC6-2718C4853351}.Release|Any CPU.ActiveCfg = Release|Any CPU
		{96A90688-1402-4031-BAC6-2718C4853351}.Release|Any CPU.Build.0 = Release|Any CPU
		{F72F428C-2EEB-4966-8880-3E5502041EF0}.Debug|Any CPU.ActiveCfg = Debug|Any CPU
		{F72F428C-2EEB-4966-8880-3E5502041EF0}.Debug|Any CPU.Build.0 = Debug|Any CPU
		{F72F428C-2EEB-4966-8880-3E5502041EF0}.Release|Any CPU.ActiveCfg = Release|Any CPU
		{F72F428C-2EEB-4966-8880-3E5502041EF0}.Release|Any CPU.Build.0 = Release|Any CPU
		{9FE2236E-0D52-4F10-A894-26F3339AF824}.Debug|Any CPU.ActiveCfg = Debug|Any CPU
		{9FE2236E-0D52-4F10-A894-26F3339AF824}.Debug|Any CPU.Build.0 = Debug|Any CPU
		{9FE2236E-0D52-4F10-A894-26F3339AF824}.Release|Any CPU.ActiveCfg = Release|Any CPU
		{9FE2236E-0D52-4F10-A894-26F3339AF824}.Release|Any CPU.Build.0 = Release|Any CPU
		{FA733697-422A-4C54-8201-CD753774764B}.Debug|Any CPU.ActiveCfg = Debug|Any CPU
		{FA733697-422A-4C54-8201-CD753774764B}.Debug|Any CPU.Build.0 = Debug|Any CPU
		{FA733697-422A-4C54-8201-CD753774764B}.Release|Any CPU.ActiveCfg = Release|Any CPU
		{FA733697-422A-4C54-8201-CD753774764B}.Release|Any CPU.Build.0 = Release|Any CPU
		{9B7FBCF2-F338-4CC7-92DE-242B634E1BE4}.Debug|Any CPU.ActiveCfg = Debug|Any CPU
		{9B7FBCF2-F338-4CC7-92DE-242B634E1BE4}.Debug|Any CPU.Build.0 = Debug|Any CPU
		{9B7FBCF2-F338-4CC7-92DE-242B634E1BE4}.Release|Any CPU.ActiveCfg = Release|Any CPU
		{9B7FBCF2-F338-4CC7-92DE-242B634E1BE4}.Release|Any CPU.Build.0 = Release|Any CPU
		{31BD6B97-789D-414D-AC9F-87809B81AD98}.Debug|Any CPU.ActiveCfg = Debug|Any CPU
		{31BD6B97-789D-414D-AC9F-87809B81AD98}.Debug|Any CPU.Build.0 = Debug|Any CPU
		{31BD6B97-789D-414D-AC9F-87809B81AD98}.Release|Any CPU.ActiveCfg = Release|Any CPU
		{31BD6B97-789D-414D-AC9F-87809B81AD98}.Release|Any CPU.Build.0 = Release|Any CPU
		{E13DA63A-4A63-4067-ACB5-0BD2932B7764}.Debug|Any CPU.ActiveCfg = Debug|Any CPU
		{E13DA63A-4A63-4067-ACB5-0BD2932B7764}.Debug|Any CPU.Build.0 = Debug|Any CPU
		{E13DA63A-4A63-4067-ACB5-0BD2932B7764}.Release|Any CPU.ActiveCfg = Release|Any CPU
		{E13DA63A-4A63-4067-ACB5-0BD2932B7764}.Release|Any CPU.Build.0 = Release|Any CPU
		{EDDF8F39-4DC7-45ED-8A37-8165C20DB7DA}.Debug|Any CPU.ActiveCfg = Debug|Any CPU
		{EDDF8F39-4DC7-45ED-8A37-8165C20DB7DA}.Debug|Any CPU.Build.0 = Debug|Any CPU
		{EDDF8F39-4DC7-45ED-8A37-8165C20DB7DA}.Release|Any CPU.ActiveCfg = Release|Any CPU
		{EDDF8F39-4DC7-45ED-8A37-8165C20DB7DA}.Release|Any CPU.Build.0 = Release|Any CPU
		{ED71C715-AF52-4331-BDB6-39C7EE422151}.Debug|Any CPU.ActiveCfg = Debug|Any CPU
		{ED71C715-AF52-4331-BDB6-39C7EE422151}.Debug|Any CPU.Build.0 = Debug|Any CPU
		{ED71C715-AF52-4331-BDB6-39C7EE422151}.Release|Any CPU.ActiveCfg = Release|Any CPU
		{ED71C715-AF52-4331-BDB6-39C7EE422151}.Release|Any CPU.Build.0 = Release|Any CPU
		{02115138-9CE7-43C2-95A9-A38220E7AE1D}.Debug|Any CPU.ActiveCfg = Debug|Any CPU
		{02115138-9CE7-43C2-95A9-A38220E7AE1D}.Debug|Any CPU.Build.0 = Debug|Any CPU
		{02115138-9CE7-43C2-95A9-A38220E7AE1D}.Release|Any CPU.ActiveCfg = Release|Any CPU
		{02115138-9CE7-43C2-95A9-A38220E7AE1D}.Release|Any CPU.Build.0 = Release|Any CPU
		{36E2C333-647A-4318-85BA-BCCF28691D14}.Debug|Any CPU.ActiveCfg = Debug|Any CPU
		{36E2C333-647A-4318-85BA-BCCF28691D14}.Debug|Any CPU.Build.0 = Debug|Any CPU
		{36E2C333-647A-4318-85BA-BCCF28691D14}.Release|Any CPU.ActiveCfg = Release|Any CPU
		{36E2C333-647A-4318-85BA-BCCF28691D14}.Release|Any CPU.Build.0 = Release|Any CPU
		{9EFEB838-8518-4F89-A865-E278F5ABAB83}.Debug|Any CPU.ActiveCfg = Debug|Any CPU
		{9EFEB838-8518-4F89-A865-E278F5ABAB83}.Debug|Any CPU.Build.0 = Debug|Any CPU
		{9EFEB838-8518-4F89-A865-E278F5ABAB83}.Release|Any CPU.ActiveCfg = Release|Any CPU
		{9EFEB838-8518-4F89-A865-E278F5ABAB83}.Release|Any CPU.Build.0 = Release|Any CPU
		{8816314F-C8A9-4E99-A14F-29BCB22EEC6A}.Debug|Any CPU.ActiveCfg = Debug|Any CPU
		{8816314F-C8A9-4E99-A14F-29BCB22EEC6A}.Debug|Any CPU.Build.0 = Debug|Any CPU
		{8816314F-C8A9-4E99-A14F-29BCB22EEC6A}.Release|Any CPU.ActiveCfg = Release|Any CPU
		{8816314F-C8A9-4E99-A14F-29BCB22EEC6A}.Release|Any CPU.Build.0 = Release|Any CPU
		{5AE5ED17-DF2E-45F0-89BF-D2DC735921FB}.Debug|Any CPU.ActiveCfg = Debug|Any CPU
		{5AE5ED17-DF2E-45F0-89BF-D2DC735921FB}.Debug|Any CPU.Build.0 = Debug|Any CPU
		{5AE5ED17-DF2E-45F0-89BF-D2DC735921FB}.Release|Any CPU.ActiveCfg = Release|Any CPU
		{5AE5ED17-DF2E-45F0-89BF-D2DC735921FB}.Release|Any CPU.Build.0 = Release|Any CPU
		{15D91ADF-9213-475E-B23F-DBC3FF8727DE}.Debug|Any CPU.ActiveCfg = Debug|Any CPU
		{15D91ADF-9213-475E-B23F-DBC3FF8727DE}.Debug|Any CPU.Build.0 = Debug|Any CPU
		{15D91ADF-9213-475E-B23F-DBC3FF8727DE}.Release|Any CPU.ActiveCfg = Release|Any CPU
		{15D91ADF-9213-475E-B23F-DBC3FF8727DE}.Release|Any CPU.Build.0 = Release|Any CPU
		{574725A1-E8DC-4F9F-81BE-70B7843B779A}.Debug|Any CPU.ActiveCfg = Debug|Any CPU
		{574725A1-E8DC-4F9F-81BE-70B7843B779A}.Debug|Any CPU.Build.0 = Debug|Any CPU
		{574725A1-E8DC-4F9F-81BE-70B7843B779A}.Release|Any CPU.ActiveCfg = Release|Any CPU
		{574725A1-E8DC-4F9F-81BE-70B7843B779A}.Release|Any CPU.Build.0 = Release|Any CPU
		{F0CC3AE9-3F7E-4CE5-A3DD-8302A95121D3}.Debug|Any CPU.ActiveCfg = Debug|Any CPU
		{F0CC3AE9-3F7E-4CE5-A3DD-8302A95121D3}.Debug|Any CPU.Build.0 = Debug|Any CPU
		{F0CC3AE9-3F7E-4CE5-A3DD-8302A95121D3}.Release|Any CPU.ActiveCfg = Release|Any CPU
		{F0CC3AE9-3F7E-4CE5-A3DD-8302A95121D3}.Release|Any CPU.Build.0 = Release|Any CPU
		{AE3EA2E1-31BA-4C14-B21B-3EB9D3048A2B}.Debug|Any CPU.ActiveCfg = Debug|Any CPU
		{AE3EA2E1-31BA-4C14-B21B-3EB9D3048A2B}.Debug|Any CPU.Build.0 = Debug|Any CPU
		{AE3EA2E1-31BA-4C14-B21B-3EB9D3048A2B}.Release|Any CPU.ActiveCfg = Release|Any CPU
		{AE3EA2E1-31BA-4C14-B21B-3EB9D3048A2B}.Release|Any CPU.Build.0 = Release|Any CPU
		{F2B5867B-8E25-406D-80A6-D216A8BDC1CF}.Debug|Any CPU.ActiveCfg = Debug|Any CPU
		{F2B5867B-8E25-406D-80A6-D216A8BDC1CF}.Debug|Any CPU.Build.0 = Debug|Any CPU
		{F2B5867B-8E25-406D-80A6-D216A8BDC1CF}.Release|Any CPU.ActiveCfg = Release|Any CPU
		{F2B5867B-8E25-406D-80A6-D216A8BDC1CF}.Release|Any CPU.Build.0 = Release|Any CPU
		{B8C51153-01E7-42CA-832B-115F1808D4AC}.Debug|Any CPU.ActiveCfg = Debug|Any CPU
		{B8C51153-01E7-42CA-832B-115F1808D4AC}.Debug|Any CPU.Build.0 = Debug|Any CPU
		{B8C51153-01E7-42CA-832B-115F1808D4AC}.Release|Any CPU.ActiveCfg = Release|Any CPU
		{B8C51153-01E7-42CA-832B-115F1808D4AC}.Release|Any CPU.Build.0 = Release|Any CPU
		{0E6984F5-E638-43AE-BB44-2155ED8FBA51}.Debug|Any CPU.ActiveCfg = Debug|Any CPU
		{0E6984F5-E638-43AE-BB44-2155ED8FBA51}.Debug|Any CPU.Build.0 = Debug|Any CPU
		{0E6984F5-E638-43AE-BB44-2155ED8FBA51}.Release|Any CPU.ActiveCfg = Release|Any CPU
		{0E6984F5-E638-43AE-BB44-2155ED8FBA51}.Release|Any CPU.Build.0 = Release|Any CPU
		{2E54BD29-607B-45D2-AEBA-961F00AF55DB}.Debug|Any CPU.ActiveCfg = Debug|Any CPU
		{2E54BD29-607B-45D2-AEBA-961F00AF55DB}.Debug|Any CPU.Build.0 = Debug|Any CPU
		{2E54BD29-607B-45D2-AEBA-961F00AF55DB}.Release|Any CPU.ActiveCfg = Release|Any CPU
		{2E54BD29-607B-45D2-AEBA-961F00AF55DB}.Release|Any CPU.Build.0 = Release|Any CPU
		{8EB85EC1-5109-41C6-9130-5E771D6174E1}.Debug|Any CPU.ActiveCfg = Debug|Any CPU
		{8EB85EC1-5109-41C6-9130-5E771D6174E1}.Debug|Any CPU.Build.0 = Debug|Any CPU
		{8EB85EC1-5109-41C6-9130-5E771D6174E1}.Release|Any CPU.ActiveCfg = Release|Any CPU
		{8EB85EC1-5109-41C6-9130-5E771D6174E1}.Release|Any CPU.Build.0 = Release|Any CPU
		{E9420143-B8F1-4C4D-BFDD-C4210021B41E}.Debug|Any CPU.ActiveCfg = Debug|Any CPU
		{E9420143-B8F1-4C4D-BFDD-C4210021B41E}.Debug|Any CPU.Build.0 = Debug|Any CPU
		{E9420143-B8F1-4C4D-BFDD-C4210021B41E}.Release|Any CPU.ActiveCfg = Release|Any CPU
		{E9420143-B8F1-4C4D-BFDD-C4210021B41E}.Release|Any CPU.Build.0 = Release|Any CPU
		{9DA498B2-33D3-4AB4-B5AC-3F72A9AEE073}.Debug|Any CPU.ActiveCfg = Debug|Any CPU
		{9DA498B2-33D3-4AB4-B5AC-3F72A9AEE073}.Debug|Any CPU.Build.0 = Debug|Any CPU
		{9DA498B2-33D3-4AB4-B5AC-3F72A9AEE073}.Release|Any CPU.ActiveCfg = Release|Any CPU
		{9DA498B2-33D3-4AB4-B5AC-3F72A9AEE073}.Release|Any CPU.Build.0 = Release|Any CPU
		{629C2C23-B265-4D5A-A0A2-64F6B67B66E5}.Debug|Any CPU.ActiveCfg = Debug|Any CPU
		{629C2C23-B265-4D5A-A0A2-64F6B67B66E5}.Debug|Any CPU.Build.0 = Debug|Any CPU
		{629C2C23-B265-4D5A-A0A2-64F6B67B66E5}.Release|Any CPU.ActiveCfg = Release|Any CPU
		{629C2C23-B265-4D5A-A0A2-64F6B67B66E5}.Release|Any CPU.Build.0 = Release|Any CPU
		{1EE40006-1599-4CFB-A517-EABFD2B303CE}.Debug|Any CPU.ActiveCfg = Debug|Any CPU
		{1EE40006-1599-4CFB-A517-EABFD2B303CE}.Debug|Any CPU.Build.0 = Debug|Any CPU
		{1EE40006-1599-4CFB-A517-EABFD2B303CE}.Release|Any CPU.ActiveCfg = Release|Any CPU
		{1EE40006-1599-4CFB-A517-EABFD2B303CE}.Release|Any CPU.Build.0 = Release|Any CPU
		{E459AA6D-01D6-4229-A5D2-8A71818571AC}.Debug|Any CPU.ActiveCfg = Debug|Any CPU
		{E459AA6D-01D6-4229-A5D2-8A71818571AC}.Debug|Any CPU.Build.0 = Debug|Any CPU
		{E459AA6D-01D6-4229-A5D2-8A71818571AC}.Release|Any CPU.ActiveCfg = Release|Any CPU
		{E459AA6D-01D6-4229-A5D2-8A71818571AC}.Release|Any CPU.Build.0 = Release|Any CPU
		{F627B4F8-1234-4D94-8794-EA2FFFFF3612}.Debug|Any CPU.ActiveCfg = Debug|Any CPU
		{F627B4F8-1234-4D94-8794-EA2FFFFF3612}.Debug|Any CPU.Build.0 = Debug|Any CPU
		{F627B4F8-1234-4D94-8794-EA2FFFFF3612}.Release|Any CPU.ActiveCfg = Release|Any CPU
		{F627B4F8-1234-4D94-8794-EA2FFFFF3612}.Release|Any CPU.Build.0 = Release|Any CPU
		{699F5784-0E72-4A71-BDD6-17810CFF382F}.Debug|Any CPU.ActiveCfg = Debug|Any CPU
		{699F5784-0E72-4A71-BDD6-17810CFF382F}.Debug|Any CPU.Build.0 = Debug|Any CPU
		{699F5784-0E72-4A71-BDD6-17810CFF382F}.Release|Any CPU.ActiveCfg = Release|Any CPU
		{699F5784-0E72-4A71-BDD6-17810CFF382F}.Release|Any CPU.Build.0 = Release|Any CPU
		{5D66BFC6-7E89-454A-BA83-50BA2FF0B4FF}.Debug|Any CPU.ActiveCfg = Debug|Any CPU
		{5D66BFC6-7E89-454A-BA83-50BA2FF0B4FF}.Debug|Any CPU.Build.0 = Debug|Any CPU
		{5D66BFC6-7E89-454A-BA83-50BA2FF0B4FF}.Release|Any CPU.ActiveCfg = Release|Any CPU
		{5D66BFC6-7E89-454A-BA83-50BA2FF0B4FF}.Release|Any CPU.Build.0 = Release|Any CPU
		{F9A38AF0-96C5-4984-B5BC-F8B0B2EFE6CC}.Debug|Any CPU.ActiveCfg = Debug|Any CPU
		{F9A38AF0-96C5-4984-B5BC-F8B0B2EFE6CC}.Debug|Any CPU.Build.0 = Debug|Any CPU
		{F9A38AF0-96C5-4984-B5BC-F8B0B2EFE6CC}.Release|Any CPU.ActiveCfg = Release|Any CPU
		{F9A38AF0-96C5-4984-B5BC-F8B0B2EFE6CC}.Release|Any CPU.Build.0 = Release|Any CPU
		{D15C4C01-2FED-4344-B863-6C51BCF27151}.Debug|Any CPU.ActiveCfg = Debug|Any CPU
		{D15C4C01-2FED-4344-B863-6C51BCF27151}.Debug|Any CPU.Build.0 = Debug|Any CPU
		{D15C4C01-2FED-4344-B863-6C51BCF27151}.Release|Any CPU.ActiveCfg = Release|Any CPU
		{D15C4C01-2FED-4344-B863-6C51BCF27151}.Release|Any CPU.Build.0 = Release|Any CPU
		{BD9EF695-3643-45B3-BED3-712938232002}.Debug|Any CPU.ActiveCfg = Debug|Any CPU
		{BD9EF695-3643-45B3-BED3-712938232002}.Debug|Any CPU.Build.0 = Debug|Any CPU
		{BD9EF695-3643-45B3-BED3-712938232002}.Release|Any CPU.ActiveCfg = Release|Any CPU
		{BD9EF695-3643-45B3-BED3-712938232002}.Release|Any CPU.Build.0 = Release|Any CPU
		{0487E430-7843-47FE-BC77-08A33A5DCA7E}.Debug|Any CPU.ActiveCfg = Debug|Any CPU
		{0487E430-7843-47FE-BC77-08A33A5DCA7E}.Debug|Any CPU.Build.0 = Debug|Any CPU
		{0487E430-7843-47FE-BC77-08A33A5DCA7E}.Release|Any CPU.ActiveCfg = Release|Any CPU
		{0487E430-7843-47FE-BC77-08A33A5DCA7E}.Release|Any CPU.Build.0 = Release|Any CPU
		{1E35BFEA-D64B-435C-8265-4721A0ECF96E}.Debug|Any CPU.ActiveCfg = Debug|Any CPU
		{1E35BFEA-D64B-435C-8265-4721A0ECF96E}.Debug|Any CPU.Build.0 = Debug|Any CPU
		{1E35BFEA-D64B-435C-8265-4721A0ECF96E}.Release|Any CPU.ActiveCfg = Release|Any CPU
		{1E35BFEA-D64B-435C-8265-4721A0ECF96E}.Release|Any CPU.Build.0 = Release|Any CPU
		{BB50F906-6A2A-467D-8A7A-72F6475D0E1D}.Debug|Any CPU.ActiveCfg = Debug|Any CPU
		{BB50F906-6A2A-467D-8A7A-72F6475D0E1D}.Debug|Any CPU.Build.0 = Debug|Any CPU
		{BB50F906-6A2A-467D-8A7A-72F6475D0E1D}.Release|Any CPU.ActiveCfg = Release|Any CPU
		{BB50F906-6A2A-467D-8A7A-72F6475D0E1D}.Release|Any CPU.Build.0 = Release|Any CPU
		{92952DD6-9380-4CF0-8F4A-E38E4F82E6FD}.Debug|Any CPU.ActiveCfg = Debug|Any CPU
		{92952DD6-9380-4CF0-8F4A-E38E4F82E6FD}.Debug|Any CPU.Build.0 = Debug|Any CPU
		{92952DD6-9380-4CF0-8F4A-E38E4F82E6FD}.Release|Any CPU.ActiveCfg = Release|Any CPU
		{92952DD6-9380-4CF0-8F4A-E38E4F82E6FD}.Release|Any CPU.Build.0 = Release|Any CPU
		{32F1C77E-C7EF-4DA6-8997-D9B584D160FF}.Debug|Any CPU.ActiveCfg = Debug|Any CPU
		{32F1C77E-C7EF-4DA6-8997-D9B584D160FF}.Debug|Any CPU.Build.0 = Debug|Any CPU
		{32F1C77E-C7EF-4DA6-8997-D9B584D160FF}.Release|Any CPU.ActiveCfg = Release|Any CPU
		{32F1C77E-C7EF-4DA6-8997-D9B584D160FF}.Release|Any CPU.Build.0 = Release|Any CPU
		{7856E15D-7081-44DE-8F1C-0DB4D02E8A05}.Debug|Any CPU.ActiveCfg = Debug|Any CPU
		{7856E15D-7081-44DE-8F1C-0DB4D02E8A05}.Debug|Any CPU.Build.0 = Debug|Any CPU
		{7856E15D-7081-44DE-8F1C-0DB4D02E8A05}.Release|Any CPU.ActiveCfg = Release|Any CPU
		{7856E15D-7081-44DE-8F1C-0DB4D02E8A05}.Release|Any CPU.Build.0 = Release|Any CPU
		{EA4B1D9A-8CD3-400B-8F7D-F57EBDE9585A}.Debug|Any CPU.ActiveCfg = Debug|Any CPU
		{EA4B1D9A-8CD3-400B-8F7D-F57EBDE9585A}.Debug|Any CPU.Build.0 = Debug|Any CPU
		{EA4B1D9A-8CD3-400B-8F7D-F57EBDE9585A}.Release|Any CPU.ActiveCfg = Release|Any CPU
		{EA4B1D9A-8CD3-400B-8F7D-F57EBDE9585A}.Release|Any CPU.Build.0 = Release|Any CPU
		{9D73A0C7-4736-4C96-94DA-58762954C8D3}.Debug|Any CPU.ActiveCfg = Debug|Any CPU
		{9D73A0C7-4736-4C96-94DA-58762954C8D3}.Debug|Any CPU.Build.0 = Debug|Any CPU
		{9D73A0C7-4736-4C96-94DA-58762954C8D3}.Release|Any CPU.ActiveCfg = Release|Any CPU
		{9D73A0C7-4736-4C96-94DA-58762954C8D3}.Release|Any CPU.Build.0 = Release|Any CPU
		{26D160CA-7E97-4D24-9A9F-02811BF588E9}.Debug|Any CPU.ActiveCfg = Debug|Any CPU
		{26D160CA-7E97-4D24-9A9F-02811BF588E9}.Debug|Any CPU.Build.0 = Debug|Any CPU
		{26D160CA-7E97-4D24-9A9F-02811BF588E9}.Release|Any CPU.ActiveCfg = Release|Any CPU
		{26D160CA-7E97-4D24-9A9F-02811BF588E9}.Release|Any CPU.Build.0 = Release|Any CPU
		{C6AC194A-4DFE-4ADA-B679-1D1FC1BB09AA}.Debug|Any CPU.ActiveCfg = Debug|Any CPU
		{C6AC194A-4DFE-4ADA-B679-1D1FC1BB09AA}.Debug|Any CPU.Build.0 = Debug|Any CPU
		{C6AC194A-4DFE-4ADA-B679-1D1FC1BB09AA}.Release|Any CPU.ActiveCfg = Release|Any CPU
		{C6AC194A-4DFE-4ADA-B679-1D1FC1BB09AA}.Release|Any CPU.Build.0 = Release|Any CPU
		{91F6BE7A-ACE2-4A9C-8D0E-3DFE365C513C}.Debug|Any CPU.ActiveCfg = Debug|Any CPU
		{91F6BE7A-ACE2-4A9C-8D0E-3DFE365C513C}.Debug|Any CPU.Build.0 = Debug|Any CPU
		{91F6BE7A-ACE2-4A9C-8D0E-3DFE365C513C}.Release|Any CPU.ActiveCfg = Release|Any CPU
		{91F6BE7A-ACE2-4A9C-8D0E-3DFE365C513C}.Release|Any CPU.Build.0 = Release|Any CPU
		{AD34B5EB-B525-482C-8AFC-0EA753AB1A4F}.Debug|Any CPU.ActiveCfg = Debug|Any CPU
		{AD34B5EB-B525-482C-8AFC-0EA753AB1A4F}.Debug|Any CPU.Build.0 = Debug|Any CPU
		{AD34B5EB-B525-482C-8AFC-0EA753AB1A4F}.Release|Any CPU.ActiveCfg = Release|Any CPU
		{AD34B5EB-B525-482C-8AFC-0EA753AB1A4F}.Release|Any CPU.Build.0 = Release|Any CPU
		{CCDB8989-CA8C-4F78-B9B3-F29C08BCDE41}.Debug|Any CPU.ActiveCfg = Debug|Any CPU
		{CCDB8989-CA8C-4F78-B9B3-F29C08BCDE41}.Debug|Any CPU.Build.0 = Debug|Any CPU
		{CCDB8989-CA8C-4F78-B9B3-F29C08BCDE41}.Release|Any CPU.ActiveCfg = Release|Any CPU
		{CCDB8989-CA8C-4F78-B9B3-F29C08BCDE41}.Release|Any CPU.Build.0 = Release|Any CPU
		{D154A164-8E76-41F1-9DF5-CFA984C79920}.Debug|Any CPU.ActiveCfg = Debug|Any CPU
		{D154A164-8E76-41F1-9DF5-CFA984C79920}.Debug|Any CPU.Build.0 = Debug|Any CPU
		{D154A164-8E76-41F1-9DF5-CFA984C79920}.Release|Any CPU.ActiveCfg = Release|Any CPU
		{D154A164-8E76-41F1-9DF5-CFA984C79920}.Release|Any CPU.Build.0 = Release|Any CPU
		{F1D05F47-195A-446C-AA00-8DE67EB8462A}.Debug|Any CPU.ActiveCfg = Debug|Any CPU
		{F1D05F47-195A-446C-AA00-8DE67EB8462A}.Debug|Any CPU.Build.0 = Debug|Any CPU
		{F1D05F47-195A-446C-AA00-8DE67EB8462A}.Release|Any CPU.ActiveCfg = Release|Any CPU
		{F1D05F47-195A-446C-AA00-8DE67EB8462A}.Release|Any CPU.Build.0 = Release|Any CPU
		{DB3C8235-ECCC-4397-80D3-E7C705C43031}.Debug|Any CPU.ActiveCfg = Debug|Any CPU
		{DB3C8235-ECCC-4397-80D3-E7C705C43031}.Debug|Any CPU.Build.0 = Debug|Any CPU
		{DB3C8235-ECCC-4397-80D3-E7C705C43031}.Release|Any CPU.ActiveCfg = Release|Any CPU
		{DB3C8235-ECCC-4397-80D3-E7C705C43031}.Release|Any CPU.Build.0 = Release|Any CPU
		{1C91897F-89DB-412B-B169-992A0F1A0F13}.Debug|Any CPU.ActiveCfg = Debug|Any CPU
		{1C91897F-89DB-412B-B169-992A0F1A0F13}.Debug|Any CPU.Build.0 = Debug|Any CPU
		{1C91897F-89DB-412B-B169-992A0F1A0F13}.Release|Any CPU.ActiveCfg = Release|Any CPU
		{1C91897F-89DB-412B-B169-992A0F1A0F13}.Release|Any CPU.Build.0 = Release|Any CPU
		{80F87004-0AF8-454A-984B-5A7859031712}.Debug|Any CPU.ActiveCfg = Debug|Any CPU
		{80F87004-0AF8-454A-984B-5A7859031712}.Debug|Any CPU.Build.0 = Debug|Any CPU
		{80F87004-0AF8-454A-984B-5A7859031712}.Release|Any CPU.ActiveCfg = Release|Any CPU
		{80F87004-0AF8-454A-984B-5A7859031712}.Release|Any CPU.Build.0 = Release|Any CPU
		{D9F4EE2A-22FA-4795-9715-555050A88757}.Debug|Any CPU.ActiveCfg = Debug|Any CPU
		{D9F4EE2A-22FA-4795-9715-555050A88757}.Debug|Any CPU.Build.0 = Debug|Any CPU
		{D9F4EE2A-22FA-4795-9715-555050A88757}.Release|Any CPU.ActiveCfg = Release|Any CPU
		{D9F4EE2A-22FA-4795-9715-555050A88757}.Release|Any CPU.Build.0 = Release|Any CPU
		{508BFE59-3BC6-44F9-9A35-4918556FA09A}.Debug|Any CPU.ActiveCfg = Debug|Any CPU
		{508BFE59-3BC6-44F9-9A35-4918556FA09A}.Debug|Any CPU.Build.0 = Debug|Any CPU
		{508BFE59-3BC6-44F9-9A35-4918556FA09A}.Release|Any CPU.ActiveCfg = Release|Any CPU
		{508BFE59-3BC6-44F9-9A35-4918556FA09A}.Release|Any CPU.Build.0 = Release|Any CPU
		{A051EF6B-E1A6-4512-99BE-F0195A94F1DD}.Debug|Any CPU.ActiveCfg = Debug|Any CPU
		{A051EF6B-E1A6-4512-99BE-F0195A94F1DD}.Debug|Any CPU.Build.0 = Debug|Any CPU
		{A051EF6B-E1A6-4512-99BE-F0195A94F1DD}.Release|Any CPU.ActiveCfg = Release|Any CPU
		{A051EF6B-E1A6-4512-99BE-F0195A94F1DD}.Release|Any CPU.Build.0 = Release|Any CPU
		{D228A3B2-1199-4DE4-BCC3-FE20370AF281}.Debug|Any CPU.ActiveCfg = Debug|Any CPU
		{D228A3B2-1199-4DE4-BCC3-FE20370AF281}.Debug|Any CPU.Build.0 = Debug|Any CPU
		{D228A3B2-1199-4DE4-BCC3-FE20370AF281}.Release|Any CPU.ActiveCfg = Release|Any CPU
		{D228A3B2-1199-4DE4-BCC3-FE20370AF281}.Release|Any CPU.Build.0 = Release|Any CPU
		{14723E0B-7B45-43CD-A6C1-3B4120825AAE}.Debug|Any CPU.ActiveCfg = Debug|Any CPU
		{14723E0B-7B45-43CD-A6C1-3B4120825AAE}.Debug|Any CPU.Build.0 = Debug|Any CPU
		{14723E0B-7B45-43CD-A6C1-3B4120825AAE}.Release|Any CPU.ActiveCfg = Release|Any CPU
		{14723E0B-7B45-43CD-A6C1-3B4120825AAE}.Release|Any CPU.Build.0 = Release|Any CPU
		{FF21F0CF-F36B-4DF2-ADF3-49AD4F4ED4C3}.Debug|Any CPU.ActiveCfg = Debug|Any CPU
		{FF21F0CF-F36B-4DF2-ADF3-49AD4F4ED4C3}.Debug|Any CPU.Build.0 = Debug|Any CPU
		{FF21F0CF-F36B-4DF2-ADF3-49AD4F4ED4C3}.Release|Any CPU.ActiveCfg = Release|Any CPU
		{FF21F0CF-F36B-4DF2-ADF3-49AD4F4ED4C3}.Release|Any CPU.Build.0 = Release|Any CPU
		{AB84A7EF-228C-4E7E-AC56-0B7B4829DA14}.Debug|Any CPU.ActiveCfg = Debug|Any CPU
		{AB84A7EF-228C-4E7E-AC56-0B7B4829DA14}.Debug|Any CPU.Build.0 = Debug|Any CPU
		{AB84A7EF-228C-4E7E-AC56-0B7B4829DA14}.Release|Any CPU.ActiveCfg = Release|Any CPU
		{AB84A7EF-228C-4E7E-AC56-0B7B4829DA14}.Release|Any CPU.Build.0 = Release|Any CPU
		{755FAC1B-26BB-48A2-86CA-706E078A9E4F}.Debug|Any CPU.ActiveCfg = Debug|Any CPU
		{755FAC1B-26BB-48A2-86CA-706E078A9E4F}.Debug|Any CPU.Build.0 = Debug|Any CPU
		{755FAC1B-26BB-48A2-86CA-706E078A9E4F}.Release|Any CPU.ActiveCfg = Release|Any CPU
		{755FAC1B-26BB-48A2-86CA-706E078A9E4F}.Release|Any CPU.Build.0 = Release|Any CPU
		{6201330B-C675-48D8-B7BF-5A57941139A9}.Debug|Any CPU.ActiveCfg = Debug|Any CPU
		{6201330B-C675-48D8-B7BF-5A57941139A9}.Debug|Any CPU.Build.0 = Debug|Any CPU
		{6201330B-C675-48D8-B7BF-5A57941139A9}.Release|Any CPU.ActiveCfg = Release|Any CPU
		{6201330B-C675-48D8-B7BF-5A57941139A9}.Release|Any CPU.Build.0 = Release|Any CPU
		{3553804A-D63A-423F-9EAB-24973260C261}.Debug|Any CPU.ActiveCfg = Debug|Any CPU
		{3553804A-D63A-423F-9EAB-24973260C261}.Debug|Any CPU.Build.0 = Debug|Any CPU
		{3553804A-D63A-423F-9EAB-24973260C261}.Release|Any CPU.ActiveCfg = Release|Any CPU
		{3553804A-D63A-423F-9EAB-24973260C261}.Release|Any CPU.Build.0 = Release|Any CPU
		{98D10ED6-4A7C-443C-8358-043D037EBDBA}.Debug|Any CPU.ActiveCfg = Debug|Any CPU
		{98D10ED6-4A7C-443C-8358-043D037EBDBA}.Debug|Any CPU.Build.0 = Debug|Any CPU
		{98D10ED6-4A7C-443C-8358-043D037EBDBA}.Release|Any CPU.ActiveCfg = Release|Any CPU
		{98D10ED6-4A7C-443C-8358-043D037EBDBA}.Release|Any CPU.Build.0 = Release|Any CPU
		{C35A6B02-5992-4FE2-8603-D7A871242CCF}.Debug|Any CPU.ActiveCfg = Debug|Any CPU
		{C35A6B02-5992-4FE2-8603-D7A871242CCF}.Debug|Any CPU.Build.0 = Debug|Any CPU
		{C35A6B02-5992-4FE2-8603-D7A871242CCF}.Release|Any CPU.ActiveCfg = Release|Any CPU
		{C35A6B02-5992-4FE2-8603-D7A871242CCF}.Release|Any CPU.Build.0 = Release|Any CPU
		{4FE7D504-5771-41BD-B20C-6235F3FC8C58}.Debug|Any CPU.ActiveCfg = Debug|Any CPU
		{4FE7D504-5771-41BD-B20C-6235F3FC8C58}.Debug|Any CPU.Build.0 = Debug|Any CPU
		{4FE7D504-5771-41BD-B20C-6235F3FC8C58}.Release|Any CPU.ActiveCfg = Release|Any CPU
		{4FE7D504-5771-41BD-B20C-6235F3FC8C58}.Release|Any CPU.Build.0 = Release|Any CPU
		{0E5059B7-BB85-4FE4-AC20-E61BBD6A4EEC}.Debug|Any CPU.ActiveCfg = Debug|Any CPU
		{0E5059B7-BB85-4FE4-AC20-E61BBD6A4EEC}.Debug|Any CPU.Build.0 = Debug|Any CPU
		{0E5059B7-BB85-4FE4-AC20-E61BBD6A4EEC}.Release|Any CPU.ActiveCfg = Release|Any CPU
		{0E5059B7-BB85-4FE4-AC20-E61BBD6A4EEC}.Release|Any CPU.Build.0 = Release|Any CPU
		{3A689581-AE17-4248-AE3C-E5AF87CF949B}.Debug|Any CPU.ActiveCfg = Debug|Any CPU
		{3A689581-AE17-4248-AE3C-E5AF87CF949B}.Debug|Any CPU.Build.0 = Debug|Any CPU
		{3A689581-AE17-4248-AE3C-E5AF87CF949B}.Release|Any CPU.ActiveCfg = Release|Any CPU
		{3A689581-AE17-4248-AE3C-E5AF87CF949B}.Release|Any CPU.Build.0 = Release|Any CPU
		{4A02312E-5616-4C7F-9269-077436556BFF}.Debug|Any CPU.ActiveCfg = Debug|Any CPU
		{4A02312E-5616-4C7F-9269-077436556BFF}.Debug|Any CPU.Build.0 = Debug|Any CPU
		{4A02312E-5616-4C7F-9269-077436556BFF}.Release|Any CPU.ActiveCfg = Release|Any CPU
		{4A02312E-5616-4C7F-9269-077436556BFF}.Release|Any CPU.Build.0 = Release|Any CPU
		{84BBDD5A-F5D2-4398-9567-9B9EF7CC891F}.Debug|Any CPU.ActiveCfg = Debug|Any CPU
		{84BBDD5A-F5D2-4398-9567-9B9EF7CC891F}.Debug|Any CPU.Build.0 = Debug|Any CPU
		{84BBDD5A-F5D2-4398-9567-9B9EF7CC891F}.Release|Any CPU.ActiveCfg = Release|Any CPU
		{84BBDD5A-F5D2-4398-9567-9B9EF7CC891F}.Release|Any CPU.Build.0 = Release|Any CPU
		{70F14486-A2D4-4BB6-843C-FEE466E0FA4B}.Debug|Any CPU.ActiveCfg = Debug|Any CPU
		{70F14486-A2D4-4BB6-843C-FEE466E0FA4B}.Debug|Any CPU.Build.0 = Debug|Any CPU
		{70F14486-A2D4-4BB6-843C-FEE466E0FA4B}.Release|Any CPU.ActiveCfg = Release|Any CPU
		{70F14486-A2D4-4BB6-843C-FEE466E0FA4B}.Release|Any CPU.Build.0 = Release|Any CPU
		{5056ACEB-95D9-4DA6-9930-10A9ED67012E}.Debug|Any CPU.ActiveCfg = Debug|Any CPU
		{5056ACEB-95D9-4DA6-9930-10A9ED67012E}.Debug|Any CPU.Build.0 = Debug|Any CPU
		{5056ACEB-95D9-4DA6-9930-10A9ED67012E}.Release|Any CPU.ActiveCfg = Release|Any CPU
		{5056ACEB-95D9-4DA6-9930-10A9ED67012E}.Release|Any CPU.Build.0 = Release|Any CPU
		{CB1FC390-7EE7-4011-87D2-79D0279D1660}.Debug|Any CPU.ActiveCfg = Debug|Any CPU
		{CB1FC390-7EE7-4011-87D2-79D0279D1660}.Debug|Any CPU.Build.0 = Debug|Any CPU
		{CB1FC390-7EE7-4011-87D2-79D0279D1660}.Release|Any CPU.ActiveCfg = Release|Any CPU
		{CB1FC390-7EE7-4011-87D2-79D0279D1660}.Release|Any CPU.Build.0 = Release|Any CPU
		{EA842FE2-89AD-4E75-86EE-0722AC59CE83}.Debug|Any CPU.ActiveCfg = Debug|Any CPU
		{EA842FE2-89AD-4E75-86EE-0722AC59CE83}.Debug|Any CPU.Build.0 = Debug|Any CPU
		{EA842FE2-89AD-4E75-86EE-0722AC59CE83}.Release|Any CPU.ActiveCfg = Release|Any CPU
		{EA842FE2-89AD-4E75-86EE-0722AC59CE83}.Release|Any CPU.Build.0 = Release|Any CPU
		{854A35DD-D470-4399-A9FE-695EF676E8D1}.Debug|Any CPU.ActiveCfg = Debug|Any CPU
		{854A35DD-D470-4399-A9FE-695EF676E8D1}.Debug|Any CPU.Build.0 = Debug|Any CPU
		{854A35DD-D470-4399-A9FE-695EF676E8D1}.Release|Any CPU.ActiveCfg = Release|Any CPU
		{854A35DD-D470-4399-A9FE-695EF676E8D1}.Release|Any CPU.Build.0 = Release|Any CPU
		{0B95D537-83D6-4FE8-BB80-0019973B26D9}.Debug|Any CPU.ActiveCfg = Debug|Any CPU
		{0B95D537-83D6-4FE8-BB80-0019973B26D9}.Debug|Any CPU.Build.0 = Debug|Any CPU
		{0B95D537-83D6-4FE8-BB80-0019973B26D9}.Release|Any CPU.ActiveCfg = Release|Any CPU
		{0B95D537-83D6-4FE8-BB80-0019973B26D9}.Release|Any CPU.Build.0 = Release|Any CPU
		{DA5785C3-426E-4D4D-804D-C28549D59D44}.Debug|Any CPU.ActiveCfg = Debug|Any CPU
		{DA5785C3-426E-4D4D-804D-C28549D59D44}.Debug|Any CPU.Build.0 = Debug|Any CPU
		{DA5785C3-426E-4D4D-804D-C28549D59D44}.Release|Any CPU.ActiveCfg = Release|Any CPU
		{DA5785C3-426E-4D4D-804D-C28549D59D44}.Release|Any CPU.Build.0 = Release|Any CPU
		{CA8B10F4-1BA5-4C49-8575-BBA3A93F8D1F}.Debug|Any CPU.ActiveCfg = Debug|Any CPU
		{CA8B10F4-1BA5-4C49-8575-BBA3A93F8D1F}.Debug|Any CPU.Build.0 = Debug|Any CPU
		{CA8B10F4-1BA5-4C49-8575-BBA3A93F8D1F}.Release|Any CPU.ActiveCfg = Release|Any CPU
		{CA8B10F4-1BA5-4C49-8575-BBA3A93F8D1F}.Release|Any CPU.Build.0 = Release|Any CPU
		{F42884FB-D6C9-4C4E-A4FB-7BE11CEAC836}.Debug|Any CPU.ActiveCfg = Debug|Any CPU
		{F42884FB-D6C9-4C4E-A4FB-7BE11CEAC836}.Debug|Any CPU.Build.0 = Debug|Any CPU
		{F42884FB-D6C9-4C4E-A4FB-7BE11CEAC836}.Release|Any CPU.ActiveCfg = Release|Any CPU
		{F42884FB-D6C9-4C4E-A4FB-7BE11CEAC836}.Release|Any CPU.Build.0 = Release|Any CPU
		{7BA01A0C-B9E1-42DB-85B0-7564394FACD8}.Debug|Any CPU.ActiveCfg = Debug|Any CPU
		{7BA01A0C-B9E1-42DB-85B0-7564394FACD8}.Debug|Any CPU.Build.0 = Debug|Any CPU
		{7BA01A0C-B9E1-42DB-85B0-7564394FACD8}.Release|Any CPU.ActiveCfg = Release|Any CPU
		{7BA01A0C-B9E1-42DB-85B0-7564394FACD8}.Release|Any CPU.Build.0 = Release|Any CPU
	EndGlobalSection
	GlobalSection(SolutionProperties) = preSolution
		HideSolutionNode = FALSE
	EndGlobalSection
	GlobalSection(NestedProjects) = preSolution
		{591A6F6E-0960-497C-B53B-4A18F31EE679} = {E6451304-FD4B-4F15-8CEE-38C7BED4A335}
		{B9608189-F51C-45A0-B2C7-99D5642382F7} = {2B7FD8B4-99F3-4564-B7C4-A09312CF9D0F}
		{26CF85BE-434A-4946-B725-22035AECB8E3} = {53F71F90-46DE-4DE4-AA63-546FD750F6D1}
		{39DFA6D0-C0CA-4F70-9F29-0CA332645B9C} = {53F71F90-46DE-4DE4-AA63-546FD750F6D1}
		{E813E125-A649-41C7-9039-27BD53BB2F67} = {53F71F90-46DE-4DE4-AA63-546FD750F6D1}
		{F98A36F3-0E84-4568-900A-123B13EC8797} = {FAD59846-6AE5-4069-A14F-9CDB3E8E58F2}
		{1BF1D20A-26BD-4678-AB59-B44839D3D46A} = {FAD59846-6AE5-4069-A14F-9CDB3E8E58F2}
		{18CF9E05-3D19-4038-AE1E-0C4694710A12} = {FAD59846-6AE5-4069-A14F-9CDB3E8E58F2}
		{82F178F0-EF71-4035-B65D-8C58B3128673} = {FAD59846-6AE5-4069-A14F-9CDB3E8E58F2}
		{AB1D8754-F3E2-4A1D-8AC3-637F4C186D52} = {FAD59846-6AE5-4069-A14F-9CDB3E8E58F2}
		{16B2599D-B092-4FB2-A3BC-F64E5A3ABBDD} = {FAD59846-6AE5-4069-A14F-9CDB3E8E58F2}
		{332B7D5E-42D3-4703-959E-F592FA5ABDCA} = {FAD59846-6AE5-4069-A14F-9CDB3E8E58F2}
		{89F0DFFC-BA2C-4312-8DFB-1723FA2A66EE} = {FAD59846-6AE5-4069-A14F-9CDB3E8E58F2}
		{787C169C-4656-4EBF-A9E1-79DAEE71DC12} = {FAD59846-6AE5-4069-A14F-9CDB3E8E58F2}
		{25766E30-2D50-485F-8AE5-062FF625AE60} = {FAD59846-6AE5-4069-A14F-9CDB3E8E58F2}
		{89CF4D16-0380-44D7-99FF-0032B02105F7} = {FAD59846-6AE5-4069-A14F-9CDB3E8E58F2}
		{627B9A37-A63C-4BD4-ADAC-17E35334F955} = {FAD59846-6AE5-4069-A14F-9CDB3E8E58F2}
		{DBF843EF-D303-44AC-B0C5-82BC33768985} = {FAD59846-6AE5-4069-A14F-9CDB3E8E58F2}
		{9D83CFF8-C78F-4139-944A-B94C3A12787A} = {FAD59846-6AE5-4069-A14F-9CDB3E8E58F2}
		{D3280962-FD85-4A36-B201-6BB0DBE16D96} = {FAD59846-6AE5-4069-A14F-9CDB3E8E58F2}
		{F5FCB933-3728-405E-BE70-038794C96091} = {FAD59846-6AE5-4069-A14F-9CDB3E8E58F2}
		{F2E21F26-1D71-49B9-A353-2C7917F616A4} = {FAD59846-6AE5-4069-A14F-9CDB3E8E58F2}
		{A9905B65-318D-4D2F-8560-08E5A590BD69} = {FAD59846-6AE5-4069-A14F-9CDB3E8E58F2}
		{E5E1AA19-430F-48C9-BBC3-EE8465DD0611} = {FAD59846-6AE5-4069-A14F-9CDB3E8E58F2}
		{D42057E0-85CB-44F4-AA59-38E077F2E8F3} = {FAD59846-6AE5-4069-A14F-9CDB3E8E58F2}
		{A54D02CB-056A-4144-BB96-563850D0EAD6} = {FAD59846-6AE5-4069-A14F-9CDB3E8E58F2}
		{1F723863-764A-4C9F-A314-73981CA9C36A} = {FAD59846-6AE5-4069-A14F-9CDB3E8E58F2}
		{F7126683-B793-4E2C-AD0B-5EB2D75DA7D7} = {FAD59846-6AE5-4069-A14F-9CDB3E8E58F2}
		{A87B10CC-D4A5-4DBB-B854-8873DD9112BF} = {FAD59846-6AE5-4069-A14F-9CDB3E8E58F2}
		{C51C20EB-598C-49F8-8DDF-50B767D842A7} = {FAD59846-6AE5-4069-A14F-9CDB3E8E58F2}
		{3039A07D-6B66-4EB2-B179-529173869B6F} = {FAD59846-6AE5-4069-A14F-9CDB3E8E58F2}
		{1852E47A-BC4C-402A-BD5A-13C085BC97F5} = {FAD59846-6AE5-4069-A14F-9CDB3E8E58F2}
		{661D9916-496B-4BC9-9B27-4879C47BDC50} = {FAD59846-6AE5-4069-A14F-9CDB3E8E58F2}
		{4F958A92-68DF-49AE-A31D-E13FACC2ABD9} = {D8408958-77C2-4887-9589-B9F016C1F0FD}
		{EFE7FC8A-A1C5-45FF-8E63-7B3183837E58} = {D8408958-77C2-4887-9589-B9F016C1F0FD}
		{239E7326-AB30-4015-9F21-22A8379F8A2D} = {D8408958-77C2-4887-9589-B9F016C1F0FD}
		{F8A4B696-082B-43AF-93AE-DABAF02EAB32} = {D8408958-77C2-4887-9589-B9F016C1F0FD}
		{BCA284FD-DFF9-4EF2-95AE-3C38923452B4} = {F8A4B696-082B-43AF-93AE-DABAF02EAB32}
		{32BC62C4-0420-4D17-9E4D-5CCA60D796D8} = {F8A4B696-082B-43AF-93AE-DABAF02EAB32}
		{7382FBF3-C681-423E-B10E-4A0ABDD41395} = {D8408958-77C2-4887-9589-B9F016C1F0FD}
		{52E87AAA-DE46-470B-9EE7-7052E2250D10} = {D8408958-77C2-4887-9589-B9F016C1F0FD}
		{75BAE00A-DD19-4700-83A1-BE327D3202AA} = {D8408958-77C2-4887-9589-B9F016C1F0FD}
		{8D8F609E-7D20-442B-B3F0-0318628A2CE5} = {D8408958-77C2-4887-9589-B9F016C1F0FD}
		{0DA72489-EDD5-460B-9622-764D3D6EA8DC} = {D8408958-77C2-4887-9589-B9F016C1F0FD}
		{6762A1CC-D24D-4242-8DB1-940D9BF95E95} = {D8408958-77C2-4887-9589-B9F016C1F0FD}
		{04D61CA0-ECD8-410D-A0E0-7C80DD14E507} = {D8408958-77C2-4887-9589-B9F016C1F0FD}
		{1899F3AF-7CE5-44AF-BCAD-C4ADB2D1B93C} = {D8408958-77C2-4887-9589-B9F016C1F0FD}
		{07DE73A7-1D1A-48AC-88C8-79A22983A21E} = {D8408958-77C2-4887-9589-B9F016C1F0FD}
		{04D25424-CBA5-491F-A7A9-D929CD2FB64A} = {D8408958-77C2-4887-9589-B9F016C1F0FD}
		{E837483B-1767-4630-ADFC-DFB436149E44} = {D8408958-77C2-4887-9589-B9F016C1F0FD}
		{071FF5B0-CC23-4FA5-91B5-2D60ADA0622A} = {D8408958-77C2-4887-9589-B9F016C1F0FD}
		{BB965527-6603-486B-A9D0-FEE1B3CB963E} = {D8408958-77C2-4887-9589-B9F016C1F0FD}
		{E5AA2304-A74B-4753-8AAA-A45F40F3C1E9} = {D8408958-77C2-4887-9589-B9F016C1F0FD}
		{7ADB742B-6809-4576-AE74-988FAA73295B} = {D8408958-77C2-4887-9589-B9F016C1F0FD}
		{E94785F1-5F39-46F0-BEAF-114413841202} = {D8408958-77C2-4887-9589-B9F016C1F0FD}
		{94A1B852-7CEB-4567-BB49-093924D1CE65} = {D8408958-77C2-4887-9589-B9F016C1F0FD}
		{7019211F-0D47-4584-B96E-E47EC935E275} = {D8408958-77C2-4887-9589-B9F016C1F0FD}
		{F4900491-C67F-4C58-A5F4-EB75125EFF3C} = {D8408958-77C2-4887-9589-B9F016C1F0FD}
		{698CE324-5B57-4EF1-9BCC-FC42BC3476B4} = {D8408958-77C2-4887-9589-B9F016C1F0FD}
		{1907932A-F345-40A6-9E07-C25D164463D3} = {D8408958-77C2-4887-9589-B9F016C1F0FD}
		{96A90688-1402-4031-BAC6-2718C4853351} = {5A699BF5-5D1E-4318-B6B2-92D191FA336E}
		{F72F428C-2EEB-4966-8880-3E5502041EF0} = {5A699BF5-5D1E-4318-B6B2-92D191FA336E}
		{9FE2236E-0D52-4F10-A894-26F3339AF824} = {5A699BF5-5D1E-4318-B6B2-92D191FA336E}
		{FA733697-422A-4C54-8201-CD753774764B} = {5A699BF5-5D1E-4318-B6B2-92D191FA336E}
		{9B7FBCF2-F338-4CC7-92DE-242B634E1BE4} = {5A699BF5-5D1E-4318-B6B2-92D191FA336E}
		{31BD6B97-789D-414D-AC9F-87809B81AD98} = {5A699BF5-5D1E-4318-B6B2-92D191FA336E}
		{E13DA63A-4A63-4067-ACB5-0BD2932B7764} = {5A699BF5-5D1E-4318-B6B2-92D191FA336E}
		{EDDF8F39-4DC7-45ED-8A37-8165C20DB7DA} = {5A699BF5-5D1E-4318-B6B2-92D191FA336E}
		{ED71C715-AF52-4331-BDB6-39C7EE422151} = {5A699BF5-5D1E-4318-B6B2-92D191FA336E}
		{02115138-9CE7-43C2-95A9-A38220E7AE1D} = {5A699BF5-5D1E-4318-B6B2-92D191FA336E}
		{36E2C333-647A-4318-85BA-BCCF28691D14} = {5A699BF5-5D1E-4318-B6B2-92D191FA336E}
		{9EFEB838-8518-4F89-A865-E278F5ABAB83} = {5A699BF5-5D1E-4318-B6B2-92D191FA336E}
		{8816314F-C8A9-4E99-A14F-29BCB22EEC6A} = {5A699BF5-5D1E-4318-B6B2-92D191FA336E}
		{5AE5ED17-DF2E-45F0-89BF-D2DC735921FB} = {5A699BF5-5D1E-4318-B6B2-92D191FA336E}
		{15D91ADF-9213-475E-B23F-DBC3FF8727DE} = {5A699BF5-5D1E-4318-B6B2-92D191FA336E}
		{574725A1-E8DC-4F9F-81BE-70B7843B779A} = {5A699BF5-5D1E-4318-B6B2-92D191FA336E}
		{F0CC3AE9-3F7E-4CE5-A3DD-8302A95121D3} = {5A699BF5-5D1E-4318-B6B2-92D191FA336E}
		{AE3EA2E1-31BA-4C14-B21B-3EB9D3048A2B} = {5A699BF5-5D1E-4318-B6B2-92D191FA336E}
		{F2B5867B-8E25-406D-80A6-D216A8BDC1CF} = {5A699BF5-5D1E-4318-B6B2-92D191FA336E}
		{B8C51153-01E7-42CA-832B-115F1808D4AC} = {5A699BF5-5D1E-4318-B6B2-92D191FA336E}
		{0E6984F5-E638-43AE-BB44-2155ED8FBA51} = {5A699BF5-5D1E-4318-B6B2-92D191FA336E}
		{2E54BD29-607B-45D2-AEBA-961F00AF55DB} = {5A699BF5-5D1E-4318-B6B2-92D191FA336E}
		{8EB85EC1-5109-41C6-9130-5E771D6174E1} = {5A699BF5-5D1E-4318-B6B2-92D191FA336E}
		{E9420143-B8F1-4C4D-BFDD-C4210021B41E} = {5A699BF5-5D1E-4318-B6B2-92D191FA336E}
		{9DA498B2-33D3-4AB4-B5AC-3F72A9AEE073} = {5A699BF5-5D1E-4318-B6B2-92D191FA336E}
		{629C2C23-B265-4D5A-A0A2-64F6B67B66E5} = {5A699BF5-5D1E-4318-B6B2-92D191FA336E}
		{1EE40006-1599-4CFB-A517-EABFD2B303CE} = {5A699BF5-5D1E-4318-B6B2-92D191FA336E}
		{E459AA6D-01D6-4229-A5D2-8A71818571AC} = {5A699BF5-5D1E-4318-B6B2-92D191FA336E}
		{F627B4F8-1234-4D94-8794-EA2FFFFF3612} = {5A699BF5-5D1E-4318-B6B2-92D191FA336E}
		{699F5784-0E72-4A71-BDD6-17810CFF382F} = {5A699BF5-5D1E-4318-B6B2-92D191FA336E}
		{5D66BFC6-7E89-454A-BA83-50BA2FF0B4FF} = {5A699BF5-5D1E-4318-B6B2-92D191FA336E}
		{F9A38AF0-96C5-4984-B5BC-F8B0B2EFE6CC} = {5A699BF5-5D1E-4318-B6B2-92D191FA336E}
		{D15C4C01-2FED-4344-B863-6C51BCF27151} = {5A699BF5-5D1E-4318-B6B2-92D191FA336E}
		{BD9EF695-3643-45B3-BED3-712938232002} = {5A699BF5-5D1E-4318-B6B2-92D191FA336E}
		{0487E430-7843-47FE-BC77-08A33A5DCA7E} = {5A699BF5-5D1E-4318-B6B2-92D191FA336E}
		{1E35BFEA-D64B-435C-8265-4721A0ECF96E} = {5A699BF5-5D1E-4318-B6B2-92D191FA336E}
		{BB50F906-6A2A-467D-8A7A-72F6475D0E1D} = {5A699BF5-5D1E-4318-B6B2-92D191FA336E}
		{92952DD6-9380-4CF0-8F4A-E38E4F82E6FD} = {5A699BF5-5D1E-4318-B6B2-92D191FA336E}
		{32F1C77E-C7EF-4DA6-8997-D9B584D160FF} = {5A699BF5-5D1E-4318-B6B2-92D191FA336E}
		{7856E15D-7081-44DE-8F1C-0DB4D02E8A05} = {5A699BF5-5D1E-4318-B6B2-92D191FA336E}
		{EA4B1D9A-8CD3-400B-8F7D-F57EBDE9585A} = {5A699BF5-5D1E-4318-B6B2-92D191FA336E}
		{9D73A0C7-4736-4C96-94DA-58762954C8D3} = {5A699BF5-5D1E-4318-B6B2-92D191FA336E}
		{26D160CA-7E97-4D24-9A9F-02811BF588E9} = {5A699BF5-5D1E-4318-B6B2-92D191FA336E}
		{C6AC194A-4DFE-4ADA-B679-1D1FC1BB09AA} = {5A699BF5-5D1E-4318-B6B2-92D191FA336E}
		{91F6BE7A-ACE2-4A9C-8D0E-3DFE365C513C} = {5A699BF5-5D1E-4318-B6B2-92D191FA336E}
		{AD34B5EB-B525-482C-8AFC-0EA753AB1A4F} = {5A699BF5-5D1E-4318-B6B2-92D191FA336E}
		{CCDB8989-CA8C-4F78-B9B3-F29C08BCDE41} = {5A699BF5-5D1E-4318-B6B2-92D191FA336E}
		{D154A164-8E76-41F1-9DF5-CFA984C79920} = {5A699BF5-5D1E-4318-B6B2-92D191FA336E}
		{F1D05F47-195A-446C-AA00-8DE67EB8462A} = {5A699BF5-5D1E-4318-B6B2-92D191FA336E}
		{DB3C8235-ECCC-4397-80D3-E7C705C43031} = {5A699BF5-5D1E-4318-B6B2-92D191FA336E}
		{1C91897F-89DB-412B-B169-992A0F1A0F13} = {5A699BF5-5D1E-4318-B6B2-92D191FA336E}
		{80F87004-0AF8-454A-984B-5A7859031712} = {5A699BF5-5D1E-4318-B6B2-92D191FA336E}
		{D9F4EE2A-22FA-4795-9715-555050A88757} = {5A699BF5-5D1E-4318-B6B2-92D191FA336E}
		{508BFE59-3BC6-44F9-9A35-4918556FA09A} = {5A699BF5-5D1E-4318-B6B2-92D191FA336E}
		{A051EF6B-E1A6-4512-99BE-F0195A94F1DD} = {5A699BF5-5D1E-4318-B6B2-92D191FA336E}
		{D228A3B2-1199-4DE4-BCC3-FE20370AF281} = {5A699BF5-5D1E-4318-B6B2-92D191FA336E}
		{14723E0B-7B45-43CD-A6C1-3B4120825AAE} = {5A699BF5-5D1E-4318-B6B2-92D191FA336E}
		{18A05FA1-6592-473F-9EC7-D7A32937EB2F} = {5A699BF5-5D1E-4318-B6B2-92D191FA336E}
		{FF21F0CF-F36B-4DF2-ADF3-49AD4F4ED4C3} = {18A05FA1-6592-473F-9EC7-D7A32937EB2F}
		{AB84A7EF-228C-4E7E-AC56-0B7B4829DA14} = {18A05FA1-6592-473F-9EC7-D7A32937EB2F}
		{755FAC1B-26BB-48A2-86CA-706E078A9E4F} = {5A699BF5-5D1E-4318-B6B2-92D191FA336E}
		{6201330B-C675-48D8-B7BF-5A57941139A9} = {5A699BF5-5D1E-4318-B6B2-92D191FA336E}
		{ADD713B3-DDF0-46B5-BBE0-2DC3A47F84D4} = {5A699BF5-5D1E-4318-B6B2-92D191FA336E}
		{3553804A-D63A-423F-9EAB-24973260C261} = {ADD713B3-DDF0-46B5-BBE0-2DC3A47F84D4}
		{98D10ED6-4A7C-443C-8358-043D037EBDBA} = {ADD713B3-DDF0-46B5-BBE0-2DC3A47F84D4}
		{C35A6B02-5992-4FE2-8603-D7A871242CCF} = {5A699BF5-5D1E-4318-B6B2-92D191FA336E}
		{FE509714-FE9A-45E9-B1E7-39BC1F5D9B92} = {5A699BF5-5D1E-4318-B6B2-92D191FA336E}
		{4FE7D504-5771-41BD-B20C-6235F3FC8C58} = {FE509714-FE9A-45E9-B1E7-39BC1F5D9B92}
		{0E5059B7-BB85-4FE4-AC20-E61BBD6A4EEC} = {FE509714-FE9A-45E9-B1E7-39BC1F5D9B92}
		{3A689581-AE17-4248-AE3C-E5AF87CF949B} = {5A699BF5-5D1E-4318-B6B2-92D191FA336E}
		{4A02312E-5616-4C7F-9269-077436556BFF} = {5A699BF5-5D1E-4318-B6B2-92D191FA336E}
		{84BBDD5A-F5D2-4398-9567-9B9EF7CC891F} = {68057122-D3DA-4A2F-BB8F-752BC8304389}
		{70F14486-A2D4-4BB6-843C-FEE466E0FA4B} = {68057122-D3DA-4A2F-BB8F-752BC8304389}
		{5056ACEB-95D9-4DA6-9930-10A9ED67012E} = {68057122-D3DA-4A2F-BB8F-752BC8304389}
		{CB1FC390-7EE7-4011-87D2-79D0279D1660} = {68057122-D3DA-4A2F-BB8F-752BC8304389}
		{EA842FE2-89AD-4E75-86EE-0722AC59CE83} = {68057122-D3DA-4A2F-BB8F-752BC8304389}
		{854A35DD-D470-4399-A9FE-695EF676E8D1} = {68057122-D3DA-4A2F-BB8F-752BC8304389}
		{0B95D537-83D6-4FE8-BB80-0019973B26D9} = {68057122-D3DA-4A2F-BB8F-752BC8304389}
		{DA5785C3-426E-4D4D-804D-C28549D59D44} = {68057122-D3DA-4A2F-BB8F-752BC8304389}
		{CA8B10F4-1BA5-4C49-8575-BBA3A93F8D1F} = {68057122-D3DA-4A2F-BB8F-752BC8304389}
		{F42884FB-D6C9-4C4E-A4FB-7BE11CEAC836} = {68057122-D3DA-4A2F-BB8F-752BC8304389}
		{7BA01A0C-B9E1-42DB-85B0-7564394FACD8} = {67558B42-03EA-456E-86A4-2343F7B600A2}
	EndGlobalSection
EndGlobal
