
Microsoft Visual Studio Solution File, Format Version 12.00
# Visual Studio 14
VisualStudioVersion = 14.0.25123.0
MinimumVisualStudioVersion = 10.0.40219.1
Project("{2150E333-8FDC-42A3-9474-1A3956D46DE8}") = "Ch01", "Ch01", "{E6451304-FD4B-4F15-8CEE-38C7BED4A335}"
EndProject
Project("{FAE04EC0-301F-11D3-BF4B-00C04F79EFBC}") = "Ex0101", "Ex0101\Ex0101.csproj", "{591A6F6E-0960-497C-B53B-4A18F31EE679}"
EndProject
Project("{2150E333-8FDC-42A3-9474-1A3956D46DE8}") = "Ch02", "Ch02", "{2B7FD8B4-99F3-4564-B7C4-A09312CF9D0F}"
EndProject
Project("{FAE04EC0-301F-11D3-BF4B-00C04F79EFBC}") = "Ex0201", "Ex0201\Ex0201.csproj", "{B9608189-F51C-45A0-B2C7-99D5642382F7}"
EndProject
Project("{2150E333-8FDC-42A3-9474-1A3956D46DE8}") = "Ch03", "Ch03", "{53F71F90-46DE-4DE4-AA63-546FD750F6D1}"
EndProject
Project("{FAE04EC0-301F-11D3-BF4B-00C04F79EFBC}") = "Ex0301", "Ex0301\Ex0301.csproj", "{26CF85BE-434A-4946-B725-22035AECB8E3}"
EndProject
Project("{FAE04EC0-301F-11D3-BF4B-00C04F79EFBC}") = "Ex0302", "Ex0302\Ex0302.csproj", "{39DFA6D0-C0CA-4F70-9F29-0CA332645B9C}"
EndProject
Project("{FAE04EC0-301F-11D3-BF4B-00C04F79EFBC}") = "Ex0303", "Ex0303\Ex0303.csproj", "{E813E125-A649-41C7-9039-27BD53BB2F67}"
EndProject
Project("{2150E333-8FDC-42A3-9474-1A3956D46DE8}") = "Ch04", "Ch04", "{FAD59846-6AE5-4069-A14F-9CDB3E8E58F2}"
EndProject
Project("{FAE04EC0-301F-11D3-BF4B-00C04F79EFBC}") = "Ex0401", "Ex0401\Ex0401.csproj", "{F98A36F3-0E84-4568-900A-123B13EC8797}"
EndProject
Project("{FAE04EC0-301F-11D3-BF4B-00C04F79EFBC}") = "Ex0402", "Ex0402\Ex0402.csproj", "{1BF1D20A-26BD-4678-AB59-B44839D3D46A}"
EndProject
Project("{FAE04EC0-301F-11D3-BF4B-00C04F79EFBC}") = "Ex0403", "Ex0403\Ex0403.csproj", "{18CF9E05-3D19-4038-AE1E-0C4694710A12}"
EndProject
Project("{FAE04EC0-301F-11D3-BF4B-00C04F79EFBC}") = "Ex0404", "Ex0404\Ex0404.csproj", "{82F178F0-EF71-4035-B65D-8C58B3128673}"
EndProject
Project("{FAE04EC0-301F-11D3-BF4B-00C04F79EFBC}") = "Ex0405", "Ex0405\Ex0405.csproj", "{AB1D8754-F3E2-4A1D-8AC3-637F4C186D52}"
EndProject
Global
	GlobalSection(SolutionConfigurationPlatforms) = preSolution
		Debug|Any CPU = Debug|Any CPU
		Release|Any CPU = Release|Any CPU
	EndGlobalSection
	GlobalSection(ProjectConfigurationPlatforms) = postSolution
		{591A6F6E-0960-497C-B53B-4A18F31EE679}.Debug|Any CPU.ActiveCfg = Debug|Any CPU
		{591A6F6E-0960-497C-B53B-4A18F31EE679}.Debug|Any CPU.Build.0 = Debug|Any CPU
		{591A6F6E-0960-497C-B53B-4A18F31EE679}.Release|Any CPU.ActiveCfg = Release|Any CPU
		{591A6F6E-0960-497C-B53B-4A18F31EE679}.Release|Any CPU.Build.0 = Release|Any CPU
		{B9608189-F51C-45A0-B2C7-99D5642382F7}.Debug|Any CPU.ActiveCfg = Debug|Any CPU
		{B9608189-F51C-45A0-B2C7-99D5642382F7}.Debug|Any CPU.Build.0 = Debug|Any CPU
		{B9608189-F51C-45A0-B2C7-99D5642382F7}.Release|Any CPU.ActiveCfg = Release|Any CPU
		{B9608189-F51C-45A0-B2C7-99D5642382F7}.Release|Any CPU.Build.0 = Release|Any CPU
		{26CF85BE-434A-4946-B725-22035AECB8E3}.Debug|Any CPU.ActiveCfg = Debug|Any CPU
		{26CF85BE-434A-4946-B725-22035AECB8E3}.Debug|Any CPU.Build.0 = Debug|Any CPU
		{26CF85BE-434A-4946-B725-22035AECB8E3}.Release|Any CPU.ActiveCfg = Release|Any CPU
		{26CF85BE-434A-4946-B725-22035AECB8E3}.Release|Any CPU.Build.0 = Release|Any CPU
		{39DFA6D0-C0CA-4F70-9F29-0CA332645B9C}.Debug|Any CPU.ActiveCfg = Debug|Any CPU
		{39DFA6D0-C0CA-4F70-9F29-0CA332645B9C}.Debug|Any CPU.Build.0 = Debug|Any CPU
		{39DFA6D0-C0CA-4F70-9F29-0CA332645B9C}.Release|Any CPU.ActiveCfg = Release|Any CPU
		{39DFA6D0-C0CA-4F70-9F29-0CA332645B9C}.Release|Any CPU.Build.0 = Release|Any CPU
		{E813E125-A649-41C7-9039-27BD53BB2F67}.Debug|Any CPU.ActiveCfg = Debug|Any CPU
		{E813E125-A649-41C7-9039-27BD53BB2F67}.Debug|Any CPU.Build.0 = Debug|Any CPU
		{E813E125-A649-41C7-9039-27BD53BB2F67}.Release|Any CPU.ActiveCfg = Release|Any CPU
		{E813E125-A649-41C7-9039-27BD53BB2F67}.Release|Any CPU.Build.0 = Release|Any CPU
		{F98A36F3-0E84-4568-900A-123B13EC8797}.Debug|Any CPU.ActiveCfg = Debug|Any CPU
		{F98A36F3-0E84-4568-900A-123B13EC8797}.Debug|Any CPU.Build.0 = Debug|Any CPU
		{F98A36F3-0E84-4568-900A-123B13EC8797}.Release|Any CPU.ActiveCfg = Release|Any CPU
		{F98A36F3-0E84-4568-900A-123B13EC8797}.Release|Any CPU.Build.0 = Release|Any CPU
		{1BF1D20A-26BD-4678-AB59-B44839D3D46A}.Debug|Any CPU.ActiveCfg = Debug|Any CPU
		{1BF1D20A-26BD-4678-AB59-B44839D3D46A}.Debug|Any CPU.Build.0 = Debug|Any CPU
		{1BF1D20A-26BD-4678-AB59-B44839D3D46A}.Release|Any CPU.ActiveCfg = Release|Any CPU
		{1BF1D20A-26BD-4678-AB59-B44839D3D46A}.Release|Any CPU.Build.0 = Release|Any CPU
		{18CF9E05-3D19-4038-AE1E-0C4694710A12}.Debug|Any CPU.ActiveCfg = Debug|Any CPU
		{18CF9E05-3D19-4038-AE1E-0C4694710A12}.Debug|Any CPU.Build.0 = Debug|Any CPU
		{18CF9E05-3D19-4038-AE1E-0C4694710A12}.Release|Any CPU.ActiveCfg = Release|Any CPU
		{18CF9E05-3D19-4038-AE1E-0C4694710A12}.Release|Any CPU.Build.0 = Release|Any CPU
		{82F178F0-EF71-4035-B65D-8C58B3128673}.Debug|Any CPU.ActiveCfg = Debug|Any CPU
		{82F178F0-EF71-4035-B65D-8C58B3128673}.Debug|Any CPU.Build.0 = Debug|Any CPU
		{82F178F0-EF71-4035-B65D-8C58B3128673}.Release|Any CPU.ActiveCfg = Release|Any CPU
		{82F178F0-EF71-4035-B65D-8C58B3128673}.Release|Any CPU.Build.0 = Release|Any CPU
		{AB1D8754-F3E2-4A1D-8AC3-637F4C186D52}.Debug|Any CPU.ActiveCfg = Debug|Any CPU
		{AB1D8754-F3E2-4A1D-8AC3-637F4C186D52}.Debug|Any CPU.Build.0 = Debug|Any CPU
		{AB1D8754-F3E2-4A1D-8AC3-637F4C186D52}.Release|Any CPU.ActiveCfg = Release|Any CPU
		{AB1D8754-F3E2-4A1D-8AC3-637F4C186D52}.Release|Any CPU.Build.0 = Release|Any CPU
	EndGlobalSection
	GlobalSection(SolutionProperties) = preSolution
		HideSolutionNode = FALSE
	EndGlobalSection
	GlobalSection(NestedProjects) = preSolution
		{591A6F6E-0960-497C-B53B-4A18F31EE679} = {E6451304-FD4B-4F15-8CEE-38C7BED4A335}
		{B9608189-F51C-45A0-B2C7-99D5642382F7} = {2B7FD8B4-99F3-4564-B7C4-A09312CF9D0F}
		{26CF85BE-434A-4946-B725-22035AECB8E3} = {53F71F90-46DE-4DE4-AA63-546FD750F6D1}
		{39DFA6D0-C0CA-4F70-9F29-0CA332645B9C} = {53F71F90-46DE-4DE4-AA63-546FD750F6D1}
		{E813E125-A649-41C7-9039-27BD53BB2F67} = {53F71F90-46DE-4DE4-AA63-546FD750F6D1}
		{F98A36F3-0E84-4568-900A-123B13EC8797} = {FAD59846-6AE5-4069-A14F-9CDB3E8E58F2}
		{1BF1D20A-26BD-4678-AB59-B44839D3D46A} = {FAD59846-6AE5-4069-A14F-9CDB3E8E58F2}
		{18CF9E05-3D19-4038-AE1E-0C4694710A12} = {FAD59846-6AE5-4069-A14F-9CDB3E8E58F2}
		{82F178F0-EF71-4035-B65D-8C58B3128673} = {FAD59846-6AE5-4069-A14F-9CDB3E8E58F2}
		{AB1D8754-F3E2-4A1D-8AC3-637F4C186D52} = {FAD59846-6AE5-4069-A14F-9CDB3E8E58F2}
	EndGlobalSection
EndGlobal
